
Microsoft Visual Studio Solution File, Format Version 12.00
# Visual Studio Version 17
VisualStudioVersion = 17.2.32630.192
MinimumVisualStudioVersion = 10.0.40219.1
Project("{9A19103F-16F7-4668-BE54-9A1E7A4F7556}") = "R5T.O0005", "R5T.O0005\R5T.O0005.csproj", "{417F4F54-8052-4BBE-B62A-F2D83D19452F}"
EndProject
Global
	GlobalSection(SolutionConfigurationPlatforms) = preSolution
		Debug|Any CPU = Debug|Any CPU
		Release|Any CPU = Release|Any CPU
	EndGlobalSection
	GlobalSection(ProjectConfigurationPlatforms) = postSolution
		{417F4F54-8052-4BBE-B62A-F2D83D19452F}.Debug|Any CPU.ActiveCfg = Debug|Any CPU
		{417F4F54-8052-4BBE-B62A-F2D83D19452F}.Debug|Any CPU.Build.0 = Debug|Any CPU
		{417F4F54-8052-4BBE-B62A-F2D83D19452F}.Release|Any CPU.ActiveCfg = Release|Any CPU
		{417F4F54-8052-4BBE-B62A-F2D83D19452F}.Release|Any CPU.Build.0 = Release|Any CPU
	EndGlobalSection
	GlobalSection(SolutionProperties) = preSolution
		HideSolutionNode = FALSE
	EndGlobalSection
	GlobalSection(ExtensibilityGlobals) = postSolution
		SolutionGuid = {A3451ECC-8CCF-467A-ADBB-7D7E4C1E9DEE}
	EndGlobalSection
EndGlobal
