
Microsoft Visual Studio Solution File, Format Version 12.00
# Visual Studio Version 17
VisualStudioVersion = 17.2.32630.192
MinimumVisualStudioVersion = 10.0.40219.1
Project("{9A19103F-16F7-4668-BE54-9A1E7A4F7556}") = "R5T.O0005", "R5T.O0005\R5T.O0005.csproj", "{417F4F54-8052-4BBE-B62A-F2D83D19452F}"
EndProject
Project("{2150E333-8FDC-42A3-9474-1A3956D46DE8}") = "_Dependencies", "_Dependencies", "{0BB39106-DD05-4EEE-A7CF-47A77B8B805E}"
EndProject
Project("{9A19103F-16F7-4668-BE54-9A1E7A4F7556}") = "R5T.T0132", "..\..\R5T.T0132\source\R5T.T0132\R5T.T0132.csproj", "{2C2DA176-7B09-4118-B1C8-0098858FEDA2}"
EndProject
Project("{9A19103F-16F7-4668-BE54-9A1E7A4F7556}") = "R5T.T0142", "..\..\R5T.T0142\source\R5T.T0142\R5T.T0142.csproj", "{AE2B2CAA-C661-45EF-BD1E-231E88BB68B7}"
EndProject
Project("{9A19103F-16F7-4668-BE54-9A1E7A4F7556}") = "R5T.T0143", "..\..\R5T.T0143\source\R5T.T0143\R5T.T0143.csproj", "{1EAAF10B-8515-4A15-87DC-C11410C11F59}"
EndProject
Project("{9A19103F-16F7-4668-BE54-9A1E7A4F7556}") = "R5T.T0150", "..\..\R5T.T0150\source\R5T.T0150\R5T.T0150.csproj", "{1D541D9A-B94B-4AA3-9D78-6ABEB9C1D15A}"
EndProject
Project("{9A19103F-16F7-4668-BE54-9A1E7A4F7556}") = "R5T.T0151", "..\..\R5T.T0151\source\R5T.T0151\R5T.T0151.csproj", "{7C130829-4D39-4EE0-A4B3-AF94C713C170}"
EndProject
Project("{9A19103F-16F7-4668-BE54-9A1E7A4F7556}") = "R5T.T0172", "..\..\R5T.T0172\source\R5T.T0172\R5T.T0172.csproj", "{7067AA91-320B-44E3-9237-FAC76278144E}"
EndProject
Project("{9A19103F-16F7-4668-BE54-9A1E7A4F7556}") = "R5T.T0178", "..\..\R5T.T0178\source\R5T.T0178\R5T.T0178.csproj", "{3560941E-29B9-4F7B-AFAA-B6D44FA9C4E3}"
EndProject
Project("{9A19103F-16F7-4668-BE54-9A1E7A4F7556}") = "R5T.T0179", "..\..\R5T.T0179\source\R5T.T0179\R5T.T0179.csproj", "{C75E641B-9E4F-47C5-907B-88A25BDFD4FE}"
EndProject
Project("{9A19103F-16F7-4668-BE54-9A1E7A4F7556}") = "R5T.T0180", "..\..\R5T.T0180\source\R5T.T0180\R5T.T0180.csproj", "{D9997DCC-AA89-4E2B-BC30-61A520A0235A}"
EndProject
Project("{9A19103F-16F7-4668-BE54-9A1E7A4F7556}") = "R5T.T0181", "..\..\R5T.T0181\source\R5T.T0181\R5T.T0181.csproj", "{B6A564EB-15CA-4BDB-ABAB-4BE4DAA1B415}"
EndProject
Project("{9A19103F-16F7-4668-BE54-9A1E7A4F7556}") = "R5T.T0195", "..\..\R5T.T0195\source\R5T.T0195\R5T.T0195.csproj", "{21C25BFA-84BD-4325-BF42-78747CDEC2EF}"
EndProject
Project("{9A19103F-16F7-4668-BE54-9A1E7A4F7556}") = "R5T.T0131", "..\..\R5T.T0131\source\R5T.T0131\R5T.T0131.csproj", "{854A2C42-A6EA-42F7-A983-2B0F75778F74}"
EndProject
Project("{9A19103F-16F7-4668-BE54-9A1E7A4F7556}") = "R5T.F0000", "..\..\R5T.F0000\source\R5T.F0000\R5T.F0000.csproj", "{9A86479E-5B84-46E3-B589-030FBEBB34DB}"
EndProject
Project("{9A19103F-16F7-4668-BE54-9A1E7A4F7556}") = "R5T.F0002", "..\..\R5T.F0002\source\R5T.F0002\R5T.F0002.csproj", "{BDA63501-A703-4EC9-AB36-36BCF7BBA884}"
EndProject
Project("{9A19103F-16F7-4668-BE54-9A1E7A4F7556}") = "R5T.F0016.F001", "..\..\R5T.F0016\source\R5T.F0016.F001\R5T.F0016.F001.csproj", "{A6668288-523D-4AE9-AD60-31A700DCEFED}"
EndProject
Project("{9A19103F-16F7-4668-BE54-9A1E7A4F7556}") = "R5T.F0016", "..\..\R5T.F0016\source\R5T.F0016\R5T.F0016.csproj", "{A508183C-F988-4E10-85D6-CD391BCB7AA7}"
EndProject
Project("{9A19103F-16F7-4668-BE54-9A1E7A4F7556}") = "R5T.F0019", "..\..\R5T.F0019\source\R5T.F0019\R5T.F0019.csproj", "{94CB657D-CAC5-459C-AF4C-26E4EA772F63}"
EndProject
Project("{9A19103F-16F7-4668-BE54-9A1E7A4F7556}") = "R5T.F0020", "..\..\R5T.F0020\source\R5T.F0020\R5T.F0020.csproj", "{79DB3E23-752D-4F98-A6EE-1CEB3B8E7076}"
EndProject
Project("{9A19103F-16F7-4668-BE54-9A1E7A4F7556}") = "R5T.F0024.T001", "..\..\R5T.F0024\source\R5T.F0024.T001\R5T.F0024.T001.csproj", "{76C42F4D-2707-41C0-B031-5CF51595BC79}"
EndProject
Project("{9A19103F-16F7-4668-BE54-9A1E7A4F7556}") = "R5T.F0024", "..\..\R5T.F0024\source\R5T.F0024\R5T.F0024.csproj", "{3F9DBB69-F64C-425D-BFEB-10F61B86D158}"
EndProject
Project("{9A19103F-16F7-4668-BE54-9A1E7A4F7556}") = "R5T.F0032", "..\..\R5T.F0032\source\R5T.F0032\R5T.F0032.csproj", "{780A0E2A-8811-4E6E-8436-91DA08C04BBD}"
EndProject
Project("{9A19103F-16F7-4668-BE54-9A1E7A4F7556}") = "R5T.F0040.F000", "..\..\R5T.F0040\source\R5T.F0040.F000\R5T.F0040.F000.csproj", "{4AD56807-0D20-49E1-9405-7A941E405ACC}"
EndProject
Project("{9A19103F-16F7-4668-BE54-9A1E7A4F7556}") = "R5T.F0041", "..\..\R5T.F0041\source\R5T.F0041\R5T.F0041.csproj", "{317404A4-18ED-4369-AD8F-4865D5E17EF0}"
EndProject
Project("{9A19103F-16F7-4668-BE54-9A1E7A4F7556}") = "R5T.F0042.F001", "..\..\R5T.F0042\source\R5T.F0042.F001\R5T.F0042.F001.csproj", "{B9652F70-0B19-4283-8539-8B85B5ED7E5F}"
EndProject
Project("{9A19103F-16F7-4668-BE54-9A1E7A4F7556}") = "R5T.F0042", "..\..\R5T.F0042\source\R5T.F0042\R5T.F0042.csproj", "{3C9A5AB0-087E-476E-BF65-774FA904C8D0}"
EndProject
Project("{9A19103F-16F7-4668-BE54-9A1E7A4F7556}") = "R5T.F0044", "..\..\R5T.F0044\source\R5T.F0044\R5T.F0044.csproj", "{EC79ECBD-7F61-4D02-816F-5921958E5096}"
EndProject
Project("{9A19103F-16F7-4668-BE54-9A1E7A4F7556}") = "R5T.F0046", "..\..\R5T.F0046\source\R5T.F0046\R5T.F0046.csproj", "{90A66823-D737-41BD-8033-8F35528D33F1}"
EndProject
Project("{9A19103F-16F7-4668-BE54-9A1E7A4F7556}") = "R5T.F0047", "..\..\R5T.F0047\source\R5T.F0047\R5T.F0047.csproj", "{0BBC9C55-36C6-4913-865B-22D48A748F1B}"
EndProject
Project("{9A19103F-16F7-4668-BE54-9A1E7A4F7556}") = "R5T.F0050", "..\..\R5T.F0050\source\R5T.F0050\R5T.F0050.csproj", "{D6D3419F-C368-4A45-A6D0-8B6517BE1079}"
EndProject
Project("{9A19103F-16F7-4668-BE54-9A1E7A4F7556}") = "R5T.F0051", "..\..\R5T.F0051\source\R5T.F0051\R5T.F0051.csproj", "{FB57D4C7-6930-42C2-ACDB-7CC36D7C531E}"
EndProject
Project("{9A19103F-16F7-4668-BE54-9A1E7A4F7556}") = "R5T.F0052", "..\..\R5T.F0052\source\R5T.F0052\R5T.F0052.csproj", "{110999EA-3946-4E19-8042-A40980022269}"
EndProject
Project("{9A19103F-16F7-4668-BE54-9A1E7A4F7556}") = "R5T.F0053", "..\..\R5T.F0053\source\R5T.F0053\R5T.F0053.csproj", "{3949DAF9-E5D9-4CB1-B104-44EB5E841C5D}"
EndProject
Project("{9A19103F-16F7-4668-BE54-9A1E7A4F7556}") = "R5T.F0054", "..\..\R5T.F0054\source\R5T.F0054\R5T.F0054.csproj", "{850D561A-0A3F-4999-8575-831A7255128E}"
EndProject
Project("{9A19103F-16F7-4668-BE54-9A1E7A4F7556}") = "R5T.F0056", "..\..\R5T.F0056\source\R5T.F0056\R5T.F0056.csproj", "{13907530-D1D9-469C-8A22-CCDE31FCCD8F}"
EndProject
Project("{9A19103F-16F7-4668-BE54-9A1E7A4F7556}") = "R5T.F0057", "..\..\R5T.F0057\source\R5T.F0057\R5T.F0057.csproj", "{00A9B97B-8513-422F-97E0-6C1CA38D270E}"
EndProject
Project("{9A19103F-16F7-4668-BE54-9A1E7A4F7556}") = "R5T.F0063.F001", "..\..\R5T.F0063\source\R5T.F0063.F001\R5T.F0063.F001.csproj", "{239F4469-EAD2-44EF-8FAE-69F83C25C730}"
EndProject
Project("{9A19103F-16F7-4668-BE54-9A1E7A4F7556}") = "R5T.F0091", "..\..\R5T.F0091\source\R5T.F0091\R5T.F0091.csproj", "{6E09D5EC-8002-45AB-ACB3-50E11999F34C}"
EndProject
Project("{9A19103F-16F7-4668-BE54-9A1E7A4F7556}") = "R5T.L0001.Y000", "..\..\R5T.L0001\source\R5T.L0001.Y000\R5T.L0001.Y000.csproj", "{DA230E1F-AE84-452A-BAD9-BB397977715E}"
EndProject
Project("{9A19103F-16F7-4668-BE54-9A1E7A4F7556}") = "R5T.L0001.Z000", "..\..\R5T.L0001\source\R5T.L0001.Z000\R5T.L0001.Z000.csproj", "{6E100005-C0A4-49EA-86BE-116D55FA9996}"
EndProject
Project("{9A19103F-16F7-4668-BE54-9A1E7A4F7556}") = "R5T.L0001", "..\..\R5T.L0001\source\R5T.L0001\R5T.L0001.csproj", "{6B02FD7D-DC5A-418F-9E7B-FEA581FBE587}"
EndProject
Project("{9A19103F-16F7-4668-BE54-9A1E7A4F7556}") = "R5T.NG0005", "..\..\R5T.NG0005\source\R5T.NG0005\R5T.NG0005.csproj", "{CB0071E2-488A-44BE-A8D0-29BC33EF71B8}"
EndProject
Project("{9A19103F-16F7-4668-BE54-9A1E7A4F7556}") = "R5T.NG0006", "..\..\R5T.NG0006\source\R5T.NG0006\R5T.NG0006.csproj", "{A8F9BAD0-6A9E-4FCE-BB4D-CFF0D97C206B}"
EndProject
Project("{9A19103F-16F7-4668-BE54-9A1E7A4F7556}") = "R5T.NG0008", "..\..\R5T.NG0008\source\R5T.NG0008\R5T.NG0008.csproj", "{0F43291F-A0E8-42E6-A1DB-90AAB6225194}"
EndProject
Project("{9A19103F-16F7-4668-BE54-9A1E7A4F7556}") = "R5T.T0046", "..\..\R5T.T0046\source\R5T.T0046\R5T.T0046.csproj", "{F53A37A5-A013-4369-87AC-CE4D8D8B2957}"
EndProject
Project("{9A19103F-16F7-4668-BE54-9A1E7A4F7556}") = "R5T.T0144", "..\..\R5T.T0144\source\R5T.T0144\R5T.T0144.csproj", "{9EED22F1-B1D5-4759-B90B-434A637871C9}"
EndProject
Project("{9A19103F-16F7-4668-BE54-9A1E7A4F7556}") = "R5T.T0152", "..\..\R5T.T0152\source\R5T.T0152\R5T.T0152.csproj", "{9BE42D57-CEE0-43AD-AC5A-425D3453B5A5}"
EndProject
Project("{9A19103F-16F7-4668-BE54-9A1E7A4F7556}") = "R5T.T0156", "..\..\R5T.T0156\source\R5T.T0156\R5T.T0156.csproj", "{6C879F1C-D4D7-44A0-8EFE-70DB43EBA42B}"
EndProject
Project("{9A19103F-16F7-4668-BE54-9A1E7A4F7556}") = "R5T.T0185", "..\..\R5T.T0185\source\R5T.T0185\R5T.T0185.csproj", "{02875D3D-61B2-481A-812B-2FA7335F0393}"
EndProject
Project("{9A19103F-16F7-4668-BE54-9A1E7A4F7556}") = "R5T.T0188", "..\..\R5T.T0188\source\R5T.T0188\R5T.T0188.csproj", "{24931F59-0B0C-432A-ADFE-50F2CB8EFE65}"
EndProject
Project("{9A19103F-16F7-4668-BE54-9A1E7A4F7556}") = "R5T.Y0000", "..\..\R5T.Y0000\source\R5T.Y0000\R5T.Y0000.csproj", "{656ABFA1-0CDB-4807-B29A-DC369955C846}"
EndProject
Project("{9A19103F-16F7-4668-BE54-9A1E7A4F7556}") = "R5T.Y0004", "..\..\R5T.Y0004\source\R5T.Y0004\R5T.Y0004.csproj", "{7ED5546F-AB62-4F06-8AD5-6EC377B7E378}"
EndProject
Project("{9A19103F-16F7-4668-BE54-9A1E7A4F7556}") = "R5T.Z0000", "..\..\R5T.Z0000\source\R5T.Z0000\R5T.Z0000.csproj", "{D5CAFF1D-A7DA-42CD-B1EC-2C8E9B2CA028}"
EndProject
Project("{9A19103F-16F7-4668-BE54-9A1E7A4F7556}") = "R5T.Z0005", "..\..\R5T.Z0005\source\R5T.Z0005\R5T.Z0005.csproj", "{CCE0F75D-BB72-4526-A11E-EA45DE99A283}"
EndProject
Project("{9A19103F-16F7-4668-BE54-9A1E7A4F7556}") = "R5T.Z0009", "..\..\R5T.Z0009\source\R5T.Z0009\R5T.Z0009.csproj", "{3D6715FC-960F-4649-A416-E389CDAF6E94}"
EndProject
Project("{9A19103F-16F7-4668-BE54-9A1E7A4F7556}") = "R5T.Z0013", "..\..\R5T.Z0013\source\R5T.Z0013\R5T.Z0013.csproj", "{FD45242C-109D-4FCA-AC25-B091F9D5F943}"
EndProject
Project("{9A19103F-16F7-4668-BE54-9A1E7A4F7556}") = "R5T.Z0036", "..\..\R5T.Z0036\source\R5T.Z0036\R5T.Z0036.csproj", "{65D3EE49-501D-4DBB-A12A-E5C6DDAFC1FA}"
EndProject
Global
	GlobalSection(NestedProjects) = preSolution
		{2C2DA176-7B09-4118-B1C8-0098858FEDA2} = {0BB39106-DD05-4EEE-A7CF-47A77B8B805E}
		{AE2B2CAA-C661-45EF-BD1E-231E88BB68B7} = {0BB39106-DD05-4EEE-A7CF-47A77B8B805E}
		{1EAAF10B-8515-4A15-87DC-C11410C11F59} = {0BB39106-DD05-4EEE-A7CF-47A77B8B805E}
		{1D541D9A-B94B-4AA3-9D78-6ABEB9C1D15A} = {0BB39106-DD05-4EEE-A7CF-47A77B8B805E}
		{7C130829-4D39-4EE0-A4B3-AF94C713C170} = {0BB39106-DD05-4EEE-A7CF-47A77B8B805E}
		{7067AA91-320B-44E3-9237-FAC76278144E} = {0BB39106-DD05-4EEE-A7CF-47A77B8B805E}
		{3560941E-29B9-4F7B-AFAA-B6D44FA9C4E3} = {0BB39106-DD05-4EEE-A7CF-47A77B8B805E}
		{C75E641B-9E4F-47C5-907B-88A25BDFD4FE} = {0BB39106-DD05-4EEE-A7CF-47A77B8B805E}
		{D9997DCC-AA89-4E2B-BC30-61A520A0235A} = {0BB39106-DD05-4EEE-A7CF-47A77B8B805E}
		{B6A564EB-15CA-4BDB-ABAB-4BE4DAA1B415} = {0BB39106-DD05-4EEE-A7CF-47A77B8B805E}
		{21C25BFA-84BD-4325-BF42-78747CDEC2EF} = {0BB39106-DD05-4EEE-A7CF-47A77B8B805E}
		{854A2C42-A6EA-42F7-A983-2B0F75778F74} = {0BB39106-DD05-4EEE-A7CF-47A77B8B805E}
		{9A86479E-5B84-46E3-B589-030FBEBB34DB} = {0BB39106-DD05-4EEE-A7CF-47A77B8B805E}
		{BDA63501-A703-4EC9-AB36-36BCF7BBA884} = {0BB39106-DD05-4EEE-A7CF-47A77B8B805E}
		{A6668288-523D-4AE9-AD60-31A700DCEFED} = {0BB39106-DD05-4EEE-A7CF-47A77B8B805E}
		{A508183C-F988-4E10-85D6-CD391BCB7AA7} = {0BB39106-DD05-4EEE-A7CF-47A77B8B805E}
		{94CB657D-CAC5-459C-AF4C-26E4EA772F63} = {0BB39106-DD05-4EEE-A7CF-47A77B8B805E}
		{79DB3E23-752D-4F98-A6EE-1CEB3B8E7076} = {0BB39106-DD05-4EEE-A7CF-47A77B8B805E}
		{76C42F4D-2707-41C0-B031-5CF51595BC79} = {0BB39106-DD05-4EEE-A7CF-47A77B8B805E}
		{3F9DBB69-F64C-425D-BFEB-10F61B86D158} = {0BB39106-DD05-4EEE-A7CF-47A77B8B805E}
		{780A0E2A-8811-4E6E-8436-91DA08C04BBD} = {0BB39106-DD05-4EEE-A7CF-47A77B8B805E}
		{4AD56807-0D20-49E1-9405-7A941E405ACC} = {0BB39106-DD05-4EEE-A7CF-47A77B8B805E}
		{317404A4-18ED-4369-AD8F-4865D5E17EF0} = {0BB39106-DD05-4EEE-A7CF-47A77B8B805E}
		{B9652F70-0B19-4283-8539-8B85B5ED7E5F} = {0BB39106-DD05-4EEE-A7CF-47A77B8B805E}
		{3C9A5AB0-087E-476E-BF65-774FA904C8D0} = {0BB39106-DD05-4EEE-A7CF-47A77B8B805E}
		{EC79ECBD-7F61-4D02-816F-5921958E5096} = {0BB39106-DD05-4EEE-A7CF-47A77B8B805E}
		{90A66823-D737-41BD-8033-8F35528D33F1} = {0BB39106-DD05-4EEE-A7CF-47A77B8B805E}
		{0BBC9C55-36C6-4913-865B-22D48A748F1B} = {0BB39106-DD05-4EEE-A7CF-47A77B8B805E}
		{D6D3419F-C368-4A45-A6D0-8B6517BE1079} = {0BB39106-DD05-4EEE-A7CF-47A77B8B805E}
		{FB57D4C7-6930-42C2-ACDB-7CC36D7C531E} = {0BB39106-DD05-4EEE-A7CF-47A77B8B805E}
		{110999EA-3946-4E19-8042-A40980022269} = {0BB39106-DD05-4EEE-A7CF-47A77B8B805E}
		{3949DAF9-E5D9-4CB1-B104-44EB5E841C5D} = {0BB39106-DD05-4EEE-A7CF-47A77B8B805E}
		{850D561A-0A3F-4999-8575-831A7255128E} = {0BB39106-DD05-4EEE-A7CF-47A77B8B805E}
		{13907530-D1D9-469C-8A22-CCDE31FCCD8F} = {0BB39106-DD05-4EEE-A7CF-47A77B8B805E}
		{00A9B97B-8513-422F-97E0-6C1CA38D270E} = {0BB39106-DD05-4EEE-A7CF-47A77B8B805E}
		{239F4469-EAD2-44EF-8FAE-69F83C25C730} = {0BB39106-DD05-4EEE-A7CF-47A77B8B805E}
		{6E09D5EC-8002-45AB-ACB3-50E11999F34C} = {0BB39106-DD05-4EEE-A7CF-47A77B8B805E}
		{DA230E1F-AE84-452A-BAD9-BB397977715E} = {0BB39106-DD05-4EEE-A7CF-47A77B8B805E}
		{6E100005-C0A4-49EA-86BE-116D55FA9996} = {0BB39106-DD05-4EEE-A7CF-47A77B8B805E}
		{6B02FD7D-DC5A-418F-9E7B-FEA581FBE587} = {0BB39106-DD05-4EEE-A7CF-47A77B8B805E}
		{CB0071E2-488A-44BE-A8D0-29BC33EF71B8} = {0BB39106-DD05-4EEE-A7CF-47A77B8B805E}
		{A8F9BAD0-6A9E-4FCE-BB4D-CFF0D97C206B} = {0BB39106-DD05-4EEE-A7CF-47A77B8B805E}
		{0F43291F-A0E8-42E6-A1DB-90AAB6225194} = {0BB39106-DD05-4EEE-A7CF-47A77B8B805E}
		{F53A37A5-A013-4369-87AC-CE4D8D8B2957} = {0BB39106-DD05-4EEE-A7CF-47A77B8B805E}
		{9EED22F1-B1D5-4759-B90B-434A637871C9} = {0BB39106-DD05-4EEE-A7CF-47A77B8B805E}
		{9BE42D57-CEE0-43AD-AC5A-425D3453B5A5} = {0BB39106-DD05-4EEE-A7CF-47A77B8B805E}
		{6C879F1C-D4D7-44A0-8EFE-70DB43EBA42B} = {0BB39106-DD05-4EEE-A7CF-47A77B8B805E}
		{02875D3D-61B2-481A-812B-2FA7335F0393} = {0BB39106-DD05-4EEE-A7CF-47A77B8B805E}
		{24931F59-0B0C-432A-ADFE-50F2CB8EFE65} = {0BB39106-DD05-4EEE-A7CF-47A77B8B805E}
		{656ABFA1-0CDB-4807-B29A-DC369955C846} = {0BB39106-DD05-4EEE-A7CF-47A77B8B805E}
		{7ED5546F-AB62-4F06-8AD5-6EC377B7E378} = {0BB39106-DD05-4EEE-A7CF-47A77B8B805E}
		{D5CAFF1D-A7DA-42CD-B1EC-2C8E9B2CA028} = {0BB39106-DD05-4EEE-A7CF-47A77B8B805E}
		{CCE0F75D-BB72-4526-A11E-EA45DE99A283} = {0BB39106-DD05-4EEE-A7CF-47A77B8B805E}
		{3D6715FC-960F-4649-A416-E389CDAF6E94} = {0BB39106-DD05-4EEE-A7CF-47A77B8B805E}
		{FD45242C-109D-4FCA-AC25-B091F9D5F943} = {0BB39106-DD05-4EEE-A7CF-47A77B8B805E}
		{65D3EE49-501D-4DBB-A12A-E5C6DDAFC1FA} = {0BB39106-DD05-4EEE-A7CF-47A77B8B805E}
	EndGlobalSection
	GlobalSection(SolutionConfigurationPlatforms) = preSolution
		Debug|Any CPU = Debug|Any CPU
		Release|Any CPU = Release|Any CPU
	EndGlobalSection
	GlobalSection(ProjectConfigurationPlatforms) = postSolution
		{417F4F54-8052-4BBE-B62A-F2D83D19452F}.Debug|Any CPU.ActiveCfg = Debug|Any CPU
		{417F4F54-8052-4BBE-B62A-F2D83D19452F}.Debug|Any CPU.Build.0 = Debug|Any CPU
		{417F4F54-8052-4BBE-B62A-F2D83D19452F}.Release|Any CPU.ActiveCfg = Release|Any CPU
		{417F4F54-8052-4BBE-B62A-F2D83D19452F}.Release|Any CPU.Build.0 = Release|Any CPU
		{2C2DA176-7B09-4118-B1C8-0098858FEDA2}.Debug|Any CPU.ActiveCfg = Debug|Any CPU
		{2C2DA176-7B09-4118-B1C8-0098858FEDA2}.Debug|Any CPU.Build.0 = Debug|Any CPU
		{2C2DA176-7B09-4118-B1C8-0098858FEDA2}.Release|Any CPU.ActiveCfg = Release|Any CPU
		{2C2DA176-7B09-4118-B1C8-0098858FEDA2}.Release|Any CPU.Build.0 = Release|Any CPU
		{AE2B2CAA-C661-45EF-BD1E-231E88BB68B7}.Debug|Any CPU.ActiveCfg = Debug|Any CPU
		{AE2B2CAA-C661-45EF-BD1E-231E88BB68B7}.Debug|Any CPU.Build.0 = Debug|Any CPU
		{AE2B2CAA-C661-45EF-BD1E-231E88BB68B7}.Release|Any CPU.ActiveCfg = Release|Any CPU
		{AE2B2CAA-C661-45EF-BD1E-231E88BB68B7}.Release|Any CPU.Build.0 = Release|Any CPU
		{1EAAF10B-8515-4A15-87DC-C11410C11F59}.Debug|Any CPU.ActiveCfg = Debug|Any CPU
		{1EAAF10B-8515-4A15-87DC-C11410C11F59}.Debug|Any CPU.Build.0 = Debug|Any CPU
		{1EAAF10B-8515-4A15-87DC-C11410C11F59}.Release|Any CPU.ActiveCfg = Release|Any CPU
		{1EAAF10B-8515-4A15-87DC-C11410C11F59}.Release|Any CPU.Build.0 = Release|Any CPU
		{1D541D9A-B94B-4AA3-9D78-6ABEB9C1D15A}.Debug|Any CPU.ActiveCfg = Debug|Any CPU
		{1D541D9A-B94B-4AA3-9D78-6ABEB9C1D15A}.Debug|Any CPU.Build.0 = Debug|Any CPU
		{1D541D9A-B94B-4AA3-9D78-6ABEB9C1D15A}.Release|Any CPU.ActiveCfg = Release|Any CPU
		{1D541D9A-B94B-4AA3-9D78-6ABEB9C1D15A}.Release|Any CPU.Build.0 = Release|Any CPU
		{7C130829-4D39-4EE0-A4B3-AF94C713C170}.Debug|Any CPU.ActiveCfg = Debug|Any CPU
		{7C130829-4D39-4EE0-A4B3-AF94C713C170}.Debug|Any CPU.Build.0 = Debug|Any CPU
		{7C130829-4D39-4EE0-A4B3-AF94C713C170}.Release|Any CPU.ActiveCfg = Release|Any CPU
		{7C130829-4D39-4EE0-A4B3-AF94C713C170}.Release|Any CPU.Build.0 = Release|Any CPU
		{7067AA91-320B-44E3-9237-FAC76278144E}.Debug|Any CPU.ActiveCfg = Debug|Any CPU
		{7067AA91-320B-44E3-9237-FAC76278144E}.Debug|Any CPU.Build.0 = Debug|Any CPU
		{7067AA91-320B-44E3-9237-FAC76278144E}.Release|Any CPU.ActiveCfg = Release|Any CPU
		{7067AA91-320B-44E3-9237-FAC76278144E}.Release|Any CPU.Build.0 = Release|Any CPU
		{3560941E-29B9-4F7B-AFAA-B6D44FA9C4E3}.Debug|Any CPU.ActiveCfg = Debug|Any CPU
		{3560941E-29B9-4F7B-AFAA-B6D44FA9C4E3}.Debug|Any CPU.Build.0 = Debug|Any CPU
		{3560941E-29B9-4F7B-AFAA-B6D44FA9C4E3}.Release|Any CPU.ActiveCfg = Release|Any CPU
		{3560941E-29B9-4F7B-AFAA-B6D44FA9C4E3}.Release|Any CPU.Build.0 = Release|Any CPU
		{C75E641B-9E4F-47C5-907B-88A25BDFD4FE}.Debug|Any CPU.ActiveCfg = Debug|Any CPU
		{C75E641B-9E4F-47C5-907B-88A25BDFD4FE}.Debug|Any CPU.Build.0 = Debug|Any CPU
		{C75E641B-9E4F-47C5-907B-88A25BDFD4FE}.Release|Any CPU.ActiveCfg = Release|Any CPU
		{C75E641B-9E4F-47C5-907B-88A25BDFD4FE}.Release|Any CPU.Build.0 = Release|Any CPU
		{D9997DCC-AA89-4E2B-BC30-61A520A0235A}.Debug|Any CPU.ActiveCfg = Debug|Any CPU
		{D9997DCC-AA89-4E2B-BC30-61A520A0235A}.Debug|Any CPU.Build.0 = Debug|Any CPU
		{D9997DCC-AA89-4E2B-BC30-61A520A0235A}.Release|Any CPU.ActiveCfg = Release|Any CPU
		{D9997DCC-AA89-4E2B-BC30-61A520A0235A}.Release|Any CPU.Build.0 = Release|Any CPU
		{B6A564EB-15CA-4BDB-ABAB-4BE4DAA1B415}.Debug|Any CPU.ActiveCfg = Debug|Any CPU
		{B6A564EB-15CA-4BDB-ABAB-4BE4DAA1B415}.Debug|Any CPU.Build.0 = Debug|Any CPU
		{B6A564EB-15CA-4BDB-ABAB-4BE4DAA1B415}.Release|Any CPU.ActiveCfg = Release|Any CPU
		{B6A564EB-15CA-4BDB-ABAB-4BE4DAA1B415}.Release|Any CPU.Build.0 = Release|Any CPU
		{21C25BFA-84BD-4325-BF42-78747CDEC2EF}.Debug|Any CPU.ActiveCfg = Debug|Any CPU
		{21C25BFA-84BD-4325-BF42-78747CDEC2EF}.Debug|Any CPU.Build.0 = Debug|Any CPU
		{21C25BFA-84BD-4325-BF42-78747CDEC2EF}.Release|Any CPU.ActiveCfg = Release|Any CPU
		{21C25BFA-84BD-4325-BF42-78747CDEC2EF}.Release|Any CPU.Build.0 = Release|Any CPU
		{854A2C42-A6EA-42F7-A983-2B0F75778F74}.Debug|Any CPU.ActiveCfg = Debug|Any CPU
		{854A2C42-A6EA-42F7-A983-2B0F75778F74}.Debug|Any CPU.Build.0 = Debug|Any CPU
		{854A2C42-A6EA-42F7-A983-2B0F75778F74}.Release|Any CPU.ActiveCfg = Release|Any CPU
		{854A2C42-A6EA-42F7-A983-2B0F75778F74}.Release|Any CPU.Build.0 = Release|Any CPU
		{9A86479E-5B84-46E3-B589-030FBEBB34DB}.Debug|Any CPU.ActiveCfg = Debug|Any CPU
		{9A86479E-5B84-46E3-B589-030FBEBB34DB}.Debug|Any CPU.Build.0 = Debug|Any CPU
		{9A86479E-5B84-46E3-B589-030FBEBB34DB}.Release|Any CPU.ActiveCfg = Release|Any CPU
		{9A86479E-5B84-46E3-B589-030FBEBB34DB}.Release|Any CPU.Build.0 = Release|Any CPU
		{BDA63501-A703-4EC9-AB36-36BCF7BBA884}.Debug|Any CPU.ActiveCfg = Debug|Any CPU
		{BDA63501-A703-4EC9-AB36-36BCF7BBA884}.Debug|Any CPU.Build.0 = Debug|Any CPU
		{BDA63501-A703-4EC9-AB36-36BCF7BBA884}.Release|Any CPU.ActiveCfg = Release|Any CPU
		{BDA63501-A703-4EC9-AB36-36BCF7BBA884}.Release|Any CPU.Build.0 = Release|Any CPU
		{A6668288-523D-4AE9-AD60-31A700DCEFED}.Debug|Any CPU.ActiveCfg = Debug|Any CPU
		{A6668288-523D-4AE9-AD60-31A700DCEFED}.Debug|Any CPU.Build.0 = Debug|Any CPU
		{A6668288-523D-4AE9-AD60-31A700DCEFED}.Release|Any CPU.ActiveCfg = Release|Any CPU
		{A6668288-523D-4AE9-AD60-31A700DCEFED}.Release|Any CPU.Build.0 = Release|Any CPU
		{A508183C-F988-4E10-85D6-CD391BCB7AA7}.Debug|Any CPU.ActiveCfg = Debug|Any CPU
		{A508183C-F988-4E10-85D6-CD391BCB7AA7}.Debug|Any CPU.Build.0 = Debug|Any CPU
		{A508183C-F988-4E10-85D6-CD391BCB7AA7}.Release|Any CPU.ActiveCfg = Release|Any CPU
		{A508183C-F988-4E10-85D6-CD391BCB7AA7}.Release|Any CPU.Build.0 = Release|Any CPU
		{94CB657D-CAC5-459C-AF4C-26E4EA772F63}.Debug|Any CPU.ActiveCfg = Debug|Any CPU
		{94CB657D-CAC5-459C-AF4C-26E4EA772F63}.Debug|Any CPU.Build.0 = Debug|Any CPU
		{94CB657D-CAC5-459C-AF4C-26E4EA772F63}.Release|Any CPU.ActiveCfg = Release|Any CPU
		{94CB657D-CAC5-459C-AF4C-26E4EA772F63}.Release|Any CPU.Build.0 = Release|Any CPU
		{79DB3E23-752D-4F98-A6EE-1CEB3B8E7076}.Debug|Any CPU.ActiveCfg = Debug|Any CPU
		{79DB3E23-752D-4F98-A6EE-1CEB3B8E7076}.Debug|Any CPU.Build.0 = Debug|Any CPU
		{79DB3E23-752D-4F98-A6EE-1CEB3B8E7076}.Release|Any CPU.ActiveCfg = Release|Any CPU
		{79DB3E23-752D-4F98-A6EE-1CEB3B8E7076}.Release|Any CPU.Build.0 = Release|Any CPU
		{76C42F4D-2707-41C0-B031-5CF51595BC79}.Debug|Any CPU.ActiveCfg = Debug|Any CPU
		{76C42F4D-2707-41C0-B031-5CF51595BC79}.Debug|Any CPU.Build.0 = Debug|Any CPU
		{76C42F4D-2707-41C0-B031-5CF51595BC79}.Release|Any CPU.ActiveCfg = Release|Any CPU
		{76C42F4D-2707-41C0-B031-5CF51595BC79}.Release|Any CPU.Build.0 = Release|Any CPU
		{3F9DBB69-F64C-425D-BFEB-10F61B86D158}.Debug|Any CPU.ActiveCfg = Debug|Any CPU
		{3F9DBB69-F64C-425D-BFEB-10F61B86D158}.Debug|Any CPU.Build.0 = Debug|Any CPU
		{3F9DBB69-F64C-425D-BFEB-10F61B86D158}.Release|Any CPU.ActiveCfg = Release|Any CPU
		{3F9DBB69-F64C-425D-BFEB-10F61B86D158}.Release|Any CPU.Build.0 = Release|Any CPU
		{780A0E2A-8811-4E6E-8436-91DA08C04BBD}.Debug|Any CPU.ActiveCfg = Debug|Any CPU
		{780A0E2A-8811-4E6E-8436-91DA08C04BBD}.Debug|Any CPU.Build.0 = Debug|Any CPU
		{780A0E2A-8811-4E6E-8436-91DA08C04BBD}.Release|Any CPU.ActiveCfg = Release|Any CPU
		{780A0E2A-8811-4E6E-8436-91DA08C04BBD}.Release|Any CPU.Build.0 = Release|Any CPU
		{4AD56807-0D20-49E1-9405-7A941E405ACC}.Debug|Any CPU.ActiveCfg = Debug|Any CPU
		{4AD56807-0D20-49E1-9405-7A941E405ACC}.Debug|Any CPU.Build.0 = Debug|Any CPU
		{4AD56807-0D20-49E1-9405-7A941E405ACC}.Release|Any CPU.ActiveCfg = Release|Any CPU
		{4AD56807-0D20-49E1-9405-7A941E405ACC}.Release|Any CPU.Build.0 = Release|Any CPU
		{317404A4-18ED-4369-AD8F-4865D5E17EF0}.Debug|Any CPU.ActiveCfg = Debug|Any CPU
		{317404A4-18ED-4369-AD8F-4865D5E17EF0}.Debug|Any CPU.Build.0 = Debug|Any CPU
		{317404A4-18ED-4369-AD8F-4865D5E17EF0}.Release|Any CPU.ActiveCfg = Release|Any CPU
		{317404A4-18ED-4369-AD8F-4865D5E17EF0}.Release|Any CPU.Build.0 = Release|Any CPU
		{B9652F70-0B19-4283-8539-8B85B5ED7E5F}.Debug|Any CPU.ActiveCfg = Debug|Any CPU
		{B9652F70-0B19-4283-8539-8B85B5ED7E5F}.Debug|Any CPU.Build.0 = Debug|Any CPU
		{B9652F70-0B19-4283-8539-8B85B5ED7E5F}.Release|Any CPU.ActiveCfg = Release|Any CPU
		{B9652F70-0B19-4283-8539-8B85B5ED7E5F}.Release|Any CPU.Build.0 = Release|Any CPU
		{3C9A5AB0-087E-476E-BF65-774FA904C8D0}.Debug|Any CPU.ActiveCfg = Debug|Any CPU
		{3C9A5AB0-087E-476E-BF65-774FA904C8D0}.Debug|Any CPU.Build.0 = Debug|Any CPU
		{3C9A5AB0-087E-476E-BF65-774FA904C8D0}.Release|Any CPU.ActiveCfg = Release|Any CPU
		{3C9A5AB0-087E-476E-BF65-774FA904C8D0}.Release|Any CPU.Build.0 = Release|Any CPU
		{EC79ECBD-7F61-4D02-816F-5921958E5096}.Debug|Any CPU.ActiveCfg = Debug|Any CPU
		{EC79ECBD-7F61-4D02-816F-5921958E5096}.Debug|Any CPU.Build.0 = Debug|Any CPU
		{EC79ECBD-7F61-4D02-816F-5921958E5096}.Release|Any CPU.ActiveCfg = Release|Any CPU
		{EC79ECBD-7F61-4D02-816F-5921958E5096}.Release|Any CPU.Build.0 = Release|Any CPU
		{90A66823-D737-41BD-8033-8F35528D33F1}.Debug|Any CPU.ActiveCfg = Debug|Any CPU
		{90A66823-D737-41BD-8033-8F35528D33F1}.Debug|Any CPU.Build.0 = Debug|Any CPU
		{90A66823-D737-41BD-8033-8F35528D33F1}.Release|Any CPU.ActiveCfg = Release|Any CPU
		{90A66823-D737-41BD-8033-8F35528D33F1}.Release|Any CPU.Build.0 = Release|Any CPU
		{0BBC9C55-36C6-4913-865B-22D48A748F1B}.Debug|Any CPU.ActiveCfg = Debug|Any CPU
		{0BBC9C55-36C6-4913-865B-22D48A748F1B}.Debug|Any CPU.Build.0 = Debug|Any CPU
		{0BBC9C55-36C6-4913-865B-22D48A748F1B}.Release|Any CPU.ActiveCfg = Release|Any CPU
		{0BBC9C55-36C6-4913-865B-22D48A748F1B}.Release|Any CPU.Build.0 = Release|Any CPU
		{D6D3419F-C368-4A45-A6D0-8B6517BE1079}.Debug|Any CPU.ActiveCfg = Debug|Any CPU
		{D6D3419F-C368-4A45-A6D0-8B6517BE1079}.Debug|Any CPU.Build.0 = Debug|Any CPU
		{D6D3419F-C368-4A45-A6D0-8B6517BE1079}.Release|Any CPU.ActiveCfg = Release|Any CPU
		{D6D3419F-C368-4A45-A6D0-8B6517BE1079}.Release|Any CPU.Build.0 = Release|Any CPU
		{FB57D4C7-6930-42C2-ACDB-7CC36D7C531E}.Debug|Any CPU.ActiveCfg = Debug|Any CPU
		{FB57D4C7-6930-42C2-ACDB-7CC36D7C531E}.Debug|Any CPU.Build.0 = Debug|Any CPU
		{FB57D4C7-6930-42C2-ACDB-7CC36D7C531E}.Release|Any CPU.ActiveCfg = Release|Any CPU
		{FB57D4C7-6930-42C2-ACDB-7CC36D7C531E}.Release|Any CPU.Build.0 = Release|Any CPU
		{110999EA-3946-4E19-8042-A40980022269}.Debug|Any CPU.ActiveCfg = Debug|Any CPU
		{110999EA-3946-4E19-8042-A40980022269}.Debug|Any CPU.Build.0 = Debug|Any CPU
		{110999EA-3946-4E19-8042-A40980022269}.Release|Any CPU.ActiveCfg = Release|Any CPU
		{110999EA-3946-4E19-8042-A40980022269}.Release|Any CPU.Build.0 = Release|Any CPU
		{3949DAF9-E5D9-4CB1-B104-44EB5E841C5D}.Debug|Any CPU.ActiveCfg = Debug|Any CPU
		{3949DAF9-E5D9-4CB1-B104-44EB5E841C5D}.Debug|Any CPU.Build.0 = Debug|Any CPU
		{3949DAF9-E5D9-4CB1-B104-44EB5E841C5D}.Release|Any CPU.ActiveCfg = Release|Any CPU
		{3949DAF9-E5D9-4CB1-B104-44EB5E841C5D}.Release|Any CPU.Build.0 = Release|Any CPU
		{850D561A-0A3F-4999-8575-831A7255128E}.Debug|Any CPU.ActiveCfg = Debug|Any CPU
		{850D561A-0A3F-4999-8575-831A7255128E}.Debug|Any CPU.Build.0 = Debug|Any CPU
		{850D561A-0A3F-4999-8575-831A7255128E}.Release|Any CPU.ActiveCfg = Release|Any CPU
		{850D561A-0A3F-4999-8575-831A7255128E}.Release|Any CPU.Build.0 = Release|Any CPU
		{13907530-D1D9-469C-8A22-CCDE31FCCD8F}.Debug|Any CPU.ActiveCfg = Debug|Any CPU
		{13907530-D1D9-469C-8A22-CCDE31FCCD8F}.Debug|Any CPU.Build.0 = Debug|Any CPU
		{13907530-D1D9-469C-8A22-CCDE31FCCD8F}.Release|Any CPU.ActiveCfg = Release|Any CPU
		{13907530-D1D9-469C-8A22-CCDE31FCCD8F}.Release|Any CPU.Build.0 = Release|Any CPU
		{00A9B97B-8513-422F-97E0-6C1CA38D270E}.Debug|Any CPU.ActiveCfg = Debug|Any CPU
		{00A9B97B-8513-422F-97E0-6C1CA38D270E}.Debug|Any CPU.Build.0 = Debug|Any CPU
		{00A9B97B-8513-422F-97E0-6C1CA38D270E}.Release|Any CPU.ActiveCfg = Release|Any CPU
		{00A9B97B-8513-422F-97E0-6C1CA38D270E}.Release|Any CPU.Build.0 = Release|Any CPU
		{239F4469-EAD2-44EF-8FAE-69F83C25C730}.Debug|Any CPU.ActiveCfg = Debug|Any CPU
		{239F4469-EAD2-44EF-8FAE-69F83C25C730}.Debug|Any CPU.Build.0 = Debug|Any CPU
		{239F4469-EAD2-44EF-8FAE-69F83C25C730}.Release|Any CPU.ActiveCfg = Release|Any CPU
		{239F4469-EAD2-44EF-8FAE-69F83C25C730}.Release|Any CPU.Build.0 = Release|Any CPU
		{6E09D5EC-8002-45AB-ACB3-50E11999F34C}.Debug|Any CPU.ActiveCfg = Debug|Any CPU
		{6E09D5EC-8002-45AB-ACB3-50E11999F34C}.Debug|Any CPU.Build.0 = Debug|Any CPU
		{6E09D5EC-8002-45AB-ACB3-50E11999F34C}.Release|Any CPU.ActiveCfg = Release|Any CPU
		{6E09D5EC-8002-45AB-ACB3-50E11999F34C}.Release|Any CPU.Build.0 = Release|Any CPU
		{DA230E1F-AE84-452A-BAD9-BB397977715E}.Debug|Any CPU.ActiveCfg = Debug|Any CPU
		{DA230E1F-AE84-452A-BAD9-BB397977715E}.Debug|Any CPU.Build.0 = Debug|Any CPU
		{DA230E1F-AE84-452A-BAD9-BB397977715E}.Release|Any CPU.ActiveCfg = Release|Any CPU
		{DA230E1F-AE84-452A-BAD9-BB397977715E}.Release|Any CPU.Build.0 = Release|Any CPU
		{6E100005-C0A4-49EA-86BE-116D55FA9996}.Debug|Any CPU.ActiveCfg = Debug|Any CPU
		{6E100005-C0A4-49EA-86BE-116D55FA9996}.Debug|Any CPU.Build.0 = Debug|Any CPU
		{6E100005-C0A4-49EA-86BE-116D55FA9996}.Release|Any CPU.ActiveCfg = Release|Any CPU
		{6E100005-C0A4-49EA-86BE-116D55FA9996}.Release|Any CPU.Build.0 = Release|Any CPU
		{6B02FD7D-DC5A-418F-9E7B-FEA581FBE587}.Debug|Any CPU.ActiveCfg = Debug|Any CPU
		{6B02FD7D-DC5A-418F-9E7B-FEA581FBE587}.Debug|Any CPU.Build.0 = Debug|Any CPU
		{6B02FD7D-DC5A-418F-9E7B-FEA581FBE587}.Release|Any CPU.ActiveCfg = Release|Any CPU
		{6B02FD7D-DC5A-418F-9E7B-FEA581FBE587}.Release|Any CPU.Build.0 = Release|Any CPU
		{CB0071E2-488A-44BE-A8D0-29BC33EF71B8}.Debug|Any CPU.ActiveCfg = Debug|Any CPU
		{CB0071E2-488A-44BE-A8D0-29BC33EF71B8}.Debug|Any CPU.Build.0 = Debug|Any CPU
		{CB0071E2-488A-44BE-A8D0-29BC33EF71B8}.Release|Any CPU.ActiveCfg = Release|Any CPU
		{CB0071E2-488A-44BE-A8D0-29BC33EF71B8}.Release|Any CPU.Build.0 = Release|Any CPU
		{A8F9BAD0-6A9E-4FCE-BB4D-CFF0D97C206B}.Debug|Any CPU.ActiveCfg = Debug|Any CPU
		{A8F9BAD0-6A9E-4FCE-BB4D-CFF0D97C206B}.Debug|Any CPU.Build.0 = Debug|Any CPU
		{A8F9BAD0-6A9E-4FCE-BB4D-CFF0D97C206B}.Release|Any CPU.ActiveCfg = Release|Any CPU
		{A8F9BAD0-6A9E-4FCE-BB4D-CFF0D97C206B}.Release|Any CPU.Build.0 = Release|Any CPU
		{0F43291F-A0E8-42E6-A1DB-90AAB6225194}.Debug|Any CPU.ActiveCfg = Debug|Any CPU
		{0F43291F-A0E8-42E6-A1DB-90AAB6225194}.Debug|Any CPU.Build.0 = Debug|Any CPU
		{0F43291F-A0E8-42E6-A1DB-90AAB6225194}.Release|Any CPU.ActiveCfg = Release|Any CPU
		{0F43291F-A0E8-42E6-A1DB-90AAB6225194}.Release|Any CPU.Build.0 = Release|Any CPU
		{F53A37A5-A013-4369-87AC-CE4D8D8B2957}.Debug|Any CPU.ActiveCfg = Debug|Any CPU
		{F53A37A5-A013-4369-87AC-CE4D8D8B2957}.Debug|Any CPU.Build.0 = Debug|Any CPU
		{F53A37A5-A013-4369-87AC-CE4D8D8B2957}.Release|Any CPU.ActiveCfg = Release|Any CPU
		{F53A37A5-A013-4369-87AC-CE4D8D8B2957}.Release|Any CPU.Build.0 = Release|Any CPU
		{9EED22F1-B1D5-4759-B90B-434A637871C9}.Debug|Any CPU.ActiveCfg = Debug|Any CPU
		{9EED22F1-B1D5-4759-B90B-434A637871C9}.Debug|Any CPU.Build.0 = Debug|Any CPU
		{9EED22F1-B1D5-4759-B90B-434A637871C9}.Release|Any CPU.ActiveCfg = Release|Any CPU
		{9EED22F1-B1D5-4759-B90B-434A637871C9}.Release|Any CPU.Build.0 = Release|Any CPU
		{9BE42D57-CEE0-43AD-AC5A-425D3453B5A5}.Debug|Any CPU.ActiveCfg = Debug|Any CPU
		{9BE42D57-CEE0-43AD-AC5A-425D3453B5A5}.Debug|Any CPU.Build.0 = Debug|Any CPU
		{9BE42D57-CEE0-43AD-AC5A-425D3453B5A5}.Release|Any CPU.ActiveCfg = Release|Any CPU
		{9BE42D57-CEE0-43AD-AC5A-425D3453B5A5}.Release|Any CPU.Build.0 = Release|Any CPU
		{6C879F1C-D4D7-44A0-8EFE-70DB43EBA42B}.Debug|Any CPU.ActiveCfg = Debug|Any CPU
		{6C879F1C-D4D7-44A0-8EFE-70DB43EBA42B}.Debug|Any CPU.Build.0 = Debug|Any CPU
		{6C879F1C-D4D7-44A0-8EFE-70DB43EBA42B}.Release|Any CPU.ActiveCfg = Release|Any CPU
		{6C879F1C-D4D7-44A0-8EFE-70DB43EBA42B}.Release|Any CPU.Build.0 = Release|Any CPU
		{02875D3D-61B2-481A-812B-2FA7335F0393}.Debug|Any CPU.ActiveCfg = Debug|Any CPU
		{02875D3D-61B2-481A-812B-2FA7335F0393}.Debug|Any CPU.Build.0 = Debug|Any CPU
		{02875D3D-61B2-481A-812B-2FA7335F0393}.Release|Any CPU.ActiveCfg = Release|Any CPU
		{02875D3D-61B2-481A-812B-2FA7335F0393}.Release|Any CPU.Build.0 = Release|Any CPU
		{24931F59-0B0C-432A-ADFE-50F2CB8EFE65}.Debug|Any CPU.ActiveCfg = Debug|Any CPU
		{24931F59-0B0C-432A-ADFE-50F2CB8EFE65}.Debug|Any CPU.Build.0 = Debug|Any CPU
		{24931F59-0B0C-432A-ADFE-50F2CB8EFE65}.Release|Any CPU.ActiveCfg = Release|Any CPU
		{24931F59-0B0C-432A-ADFE-50F2CB8EFE65}.Release|Any CPU.Build.0 = Release|Any CPU
		{656ABFA1-0CDB-4807-B29A-DC369955C846}.Debug|Any CPU.ActiveCfg = Debug|Any CPU
		{656ABFA1-0CDB-4807-B29A-DC369955C846}.Debug|Any CPU.Build.0 = Debug|Any CPU
		{656ABFA1-0CDB-4807-B29A-DC369955C846}.Release|Any CPU.ActiveCfg = Release|Any CPU
		{656ABFA1-0CDB-4807-B29A-DC369955C846}.Release|Any CPU.Build.0 = Release|Any CPU
		{7ED5546F-AB62-4F06-8AD5-6EC377B7E378}.Debug|Any CPU.ActiveCfg = Debug|Any CPU
		{7ED5546F-AB62-4F06-8AD5-6EC377B7E378}.Debug|Any CPU.Build.0 = Debug|Any CPU
		{7ED5546F-AB62-4F06-8AD5-6EC377B7E378}.Release|Any CPU.ActiveCfg = Release|Any CPU
		{7ED5546F-AB62-4F06-8AD5-6EC377B7E378}.Release|Any CPU.Build.0 = Release|Any CPU
		{D5CAFF1D-A7DA-42CD-B1EC-2C8E9B2CA028}.Debug|Any CPU.ActiveCfg = Debug|Any CPU
		{D5CAFF1D-A7DA-42CD-B1EC-2C8E9B2CA028}.Debug|Any CPU.Build.0 = Debug|Any CPU
		{D5CAFF1D-A7DA-42CD-B1EC-2C8E9B2CA028}.Release|Any CPU.ActiveCfg = Release|Any CPU
		{D5CAFF1D-A7DA-42CD-B1EC-2C8E9B2CA028}.Release|Any CPU.Build.0 = Release|Any CPU
		{CCE0F75D-BB72-4526-A11E-EA45DE99A283}.Debug|Any CPU.ActiveCfg = Debug|Any CPU
		{CCE0F75D-BB72-4526-A11E-EA45DE99A283}.Debug|Any CPU.Build.0 = Debug|Any CPU
		{CCE0F75D-BB72-4526-A11E-EA45DE99A283}.Release|Any CPU.ActiveCfg = Release|Any CPU
		{CCE0F75D-BB72-4526-A11E-EA45DE99A283}.Release|Any CPU.Build.0 = Release|Any CPU
		{3D6715FC-960F-4649-A416-E389CDAF6E94}.Debug|Any CPU.ActiveCfg = Debug|Any CPU
		{3D6715FC-960F-4649-A416-E389CDAF6E94}.Debug|Any CPU.Build.0 = Debug|Any CPU
		{3D6715FC-960F-4649-A416-E389CDAF6E94}.Release|Any CPU.ActiveCfg = Release|Any CPU
		{3D6715FC-960F-4649-A416-E389CDAF6E94}.Release|Any CPU.Build.0 = Release|Any CPU
		{FD45242C-109D-4FCA-AC25-B091F9D5F943}.Debug|Any CPU.ActiveCfg = Debug|Any CPU
		{FD45242C-109D-4FCA-AC25-B091F9D5F943}.Debug|Any CPU.Build.0 = Debug|Any CPU
		{FD45242C-109D-4FCA-AC25-B091F9D5F943}.Release|Any CPU.ActiveCfg = Release|Any CPU
		{FD45242C-109D-4FCA-AC25-B091F9D5F943}.Release|Any CPU.Build.0 = Release|Any CPU
		{65D3EE49-501D-4DBB-A12A-E5C6DDAFC1FA}.Debug|Any CPU.ActiveCfg = Debug|Any CPU
		{65D3EE49-501D-4DBB-A12A-E5C6DDAFC1FA}.Debug|Any CPU.Build.0 = Debug|Any CPU
		{65D3EE49-501D-4DBB-A12A-E5C6DDAFC1FA}.Release|Any CPU.ActiveCfg = Release|Any CPU
		{65D3EE49-501D-4DBB-A12A-E5C6DDAFC1FA}.Release|Any CPU.Build.0 = Release|Any CPU
	EndGlobalSection
	GlobalSection(SolutionProperties) = preSolution
		HideSolutionNode = FALSE
	EndGlobalSection
	GlobalSection(ExtensibilityGlobals) = postSolution
		SolutionGuid = {A3451ECC-8CCF-467A-ADBB-7D7E4C1E9DEE}
	EndGlobalSection
EndGlobal
