
Microsoft Visual Studio Solution File, Format Version 12.00
# Visual Studio Version 17
VisualStudioVersion = 17.2.32630.192
MinimumVisualStudioVersion = 10.0.40219.1
Project("{9A19103F-16F7-4668-BE54-9A1E7A4F7556}") = "R5T.O0005.Construction", "R5T.O0005.Construction\R5T.O0005.Construction.csproj", "{766C506F-88C8-4D1A-924F-4562968A50BF}"
EndProject
Project("{9A19103F-16F7-4668-BE54-9A1E7A4F7556}") = "R5T.O0005", "R5T.O0005\R5T.O0005.csproj", "{EEA3B95E-A077-41BF-8320-5E0E3C557108}"
EndProject
Project("{2150E333-8FDC-42A3-9474-1A3956D46DE8}") = "_Dependencies", "_Dependencies", "{55E6654A-49F8-4F3D-9316-F5A56DEC9841}"
EndProject
Project("{9A19103F-16F7-4668-BE54-9A1E7A4F7556}") = "R5T.T0132", "..\..\R5T.T0132\source\R5T.T0132\R5T.T0132.csproj", "{500CFAB7-AE21-4DD0-A880-FDC1025B3118}"
EndProject
Project("{9A19103F-16F7-4668-BE54-9A1E7A4F7556}") = "R5T.T0142", "..\..\R5T.T0142\source\R5T.T0142\R5T.T0142.csproj", "{6ECFE843-5989-40B8-B033-A637E7B1E9F3}"
EndProject
Project("{9A19103F-16F7-4668-BE54-9A1E7A4F7556}") = "R5T.T0143", "..\..\R5T.T0143\source\R5T.T0143\R5T.T0143.csproj", "{F0F4F64A-4367-41B8-A35E-ACB2C307ED15}"
EndProject
Project("{9A19103F-16F7-4668-BE54-9A1E7A4F7556}") = "R5T.T0150", "..\..\R5T.T0150\source\R5T.T0150\R5T.T0150.csproj", "{6BC3B7FE-2C96-47EB-85EB-E5D722BBD0BA}"
EndProject
Project("{9A19103F-16F7-4668-BE54-9A1E7A4F7556}") = "R5T.T0151", "..\..\R5T.T0151\source\R5T.T0151\R5T.T0151.csproj", "{5F967931-FA83-4A01-B923-DFC3B4568F3B}"
EndProject
Project("{9A19103F-16F7-4668-BE54-9A1E7A4F7556}") = "R5T.T0172", "..\..\R5T.T0172\source\R5T.T0172\R5T.T0172.csproj", "{B2ACE5D7-6844-4E25-BB25-A9E4F31C8BEC}"
EndProject
Project("{9A19103F-16F7-4668-BE54-9A1E7A4F7556}") = "R5T.T0178", "..\..\R5T.T0178\source\R5T.T0178\R5T.T0178.csproj", "{1E868183-AA9F-48BA-AC51-32B89EFEC9BA}"
EndProject
Project("{9A19103F-16F7-4668-BE54-9A1E7A4F7556}") = "R5T.T0179", "..\..\R5T.T0179\source\R5T.T0179\R5T.T0179.csproj", "{728B8B69-FBE6-4C84-9814-EE856312912E}"
EndProject
Project("{9A19103F-16F7-4668-BE54-9A1E7A4F7556}") = "R5T.T0180", "..\..\R5T.T0180\source\R5T.T0180\R5T.T0180.csproj", "{26772EE7-0182-4192-859C-3167C753D3D8}"
EndProject
Project("{9A19103F-16F7-4668-BE54-9A1E7A4F7556}") = "R5T.T0181", "..\..\R5T.T0181\source\R5T.T0181\R5T.T0181.csproj", "{994547ED-13D9-419D-973C-305FC2B3E79E}"
EndProject
Project("{9A19103F-16F7-4668-BE54-9A1E7A4F7556}") = "R5T.T0195", "..\..\R5T.T0195\source\R5T.T0195\R5T.T0195.csproj", "{ACDBAB4F-AAE5-429A-9057-029F8071A136}"
EndProject
Project("{9A19103F-16F7-4668-BE54-9A1E7A4F7556}") = "R5T.T0131", "..\..\R5T.T0131\source\R5T.T0131\R5T.T0131.csproj", "{53E51A9F-001E-41D3-AA58-3B4BC46DEF81}"
EndProject
Project("{9A19103F-16F7-4668-BE54-9A1E7A4F7556}") = "R5T.F0000", "..\..\R5T.F0000\source\R5T.F0000\R5T.F0000.csproj", "{1E2F5798-A140-46D0-A1B9-790F32D8041D}"
EndProject
Project("{9A19103F-16F7-4668-BE54-9A1E7A4F7556}") = "R5T.F0002", "..\..\R5T.F0002\source\R5T.F0002\R5T.F0002.csproj", "{5E73C00A-C63E-412F-9312-271E11E53DF0}"
EndProject
Project("{9A19103F-16F7-4668-BE54-9A1E7A4F7556}") = "R5T.F0016.F001", "..\..\R5T.F0016\source\R5T.F0016.F001\R5T.F0016.F001.csproj", "{FC656ECC-9A42-47E6-A99D-44668BD0F644}"
EndProject
Project("{9A19103F-16F7-4668-BE54-9A1E7A4F7556}") = "R5T.F0016", "..\..\R5T.F0016\source\R5T.F0016\R5T.F0016.csproj", "{F778C7C1-6DBC-4BBC-AB35-7F35D2D02B31}"
EndProject
Project("{9A19103F-16F7-4668-BE54-9A1E7A4F7556}") = "R5T.F0019", "..\..\R5T.F0019\source\R5T.F0019\R5T.F0019.csproj", "{D0F63FC6-F8EF-4AD4-81BA-67EFBBDC849D}"
EndProject
Project("{9A19103F-16F7-4668-BE54-9A1E7A4F7556}") = "R5T.F0020", "..\..\R5T.F0020\source\R5T.F0020\R5T.F0020.csproj", "{E5CC9DF0-C265-41B4-AD6E-6773E8B6875C}"
EndProject
Project("{9A19103F-16F7-4668-BE54-9A1E7A4F7556}") = "R5T.F0024.T001", "..\..\R5T.F0024\source\R5T.F0024.T001\R5T.F0024.T001.csproj", "{849AC468-8401-41D7-A0F8-12DFAA3EB742}"
EndProject
Project("{9A19103F-16F7-4668-BE54-9A1E7A4F7556}") = "R5T.F0024", "..\..\R5T.F0024\source\R5T.F0024\R5T.F0024.csproj", "{CA2A5CA4-584D-4F8E-A375-E15BAC9F1B44}"
EndProject
Project("{9A19103F-16F7-4668-BE54-9A1E7A4F7556}") = "R5T.F0032", "..\..\R5T.F0032\source\R5T.F0032\R5T.F0032.csproj", "{4E1CE37A-9CFE-4544-AC0C-0C2CA442EC27}"
EndProject
Project("{9A19103F-16F7-4668-BE54-9A1E7A4F7556}") = "R5T.F0040.F000", "..\..\R5T.F0040\source\R5T.F0040.F000\R5T.F0040.F000.csproj", "{654F8353-2C99-4256-B62D-DF64BBED8763}"
EndProject
Project("{9A19103F-16F7-4668-BE54-9A1E7A4F7556}") = "R5T.F0041", "..\..\R5T.F0041\source\R5T.F0041\R5T.F0041.csproj", "{6E7F2498-48CB-402F-BE73-7B56E000A32B}"
EndProject
Project("{9A19103F-16F7-4668-BE54-9A1E7A4F7556}") = "R5T.F0042.F001", "..\..\R5T.F0042\source\R5T.F0042.F001\R5T.F0042.F001.csproj", "{4E203ED3-81B3-4A39-BA94-A33D71E25B04}"
EndProject
Project("{9A19103F-16F7-4668-BE54-9A1E7A4F7556}") = "R5T.F0042", "..\..\R5T.F0042\source\R5T.F0042\R5T.F0042.csproj", "{270E28D6-EEFC-4CA5-ABE5-2F8EAF7B41BC}"
EndProject
Project("{9A19103F-16F7-4668-BE54-9A1E7A4F7556}") = "R5T.F0044", "..\..\R5T.F0044\source\R5T.F0044\R5T.F0044.csproj", "{70CC989D-1EB4-4E18-91FA-3448D858C518}"
EndProject
Project("{9A19103F-16F7-4668-BE54-9A1E7A4F7556}") = "R5T.F0046", "..\..\R5T.F0046\source\R5T.F0046\R5T.F0046.csproj", "{600481ED-A0D3-4C8D-B64E-E9335009DB87}"
EndProject
Project("{9A19103F-16F7-4668-BE54-9A1E7A4F7556}") = "R5T.F0047", "..\..\R5T.F0047\source\R5T.F0047\R5T.F0047.csproj", "{9210647E-F108-41DD-B201-0AE76274B196}"
EndProject
Project("{9A19103F-16F7-4668-BE54-9A1E7A4F7556}") = "R5T.F0050", "..\..\R5T.F0050\source\R5T.F0050\R5T.F0050.csproj", "{7E53C9D5-31D9-4DE6-86FD-D2FAA3971E90}"
EndProject
Project("{9A19103F-16F7-4668-BE54-9A1E7A4F7556}") = "R5T.F0051", "..\..\R5T.F0051\source\R5T.F0051\R5T.F0051.csproj", "{21CD45DB-DB7E-451E-A158-BE8EDD397C4D}"
EndProject
Project("{9A19103F-16F7-4668-BE54-9A1E7A4F7556}") = "R5T.F0052", "..\..\R5T.F0052\source\R5T.F0052\R5T.F0052.csproj", "{17515173-E591-40E1-9852-21952E83E372}"
EndProject
Project("{9A19103F-16F7-4668-BE54-9A1E7A4F7556}") = "R5T.F0053", "..\..\R5T.F0053\source\R5T.F0053\R5T.F0053.csproj", "{CA8A3206-9EE7-409B-AB52-B9048817210E}"
EndProject
Project("{9A19103F-16F7-4668-BE54-9A1E7A4F7556}") = "R5T.F0054", "..\..\R5T.F0054\source\R5T.F0054\R5T.F0054.csproj", "{C55284B3-9453-4D40-BFF9-A176D0A8D692}"
EndProject
Project("{9A19103F-16F7-4668-BE54-9A1E7A4F7556}") = "R5T.F0056", "..\..\R5T.F0056\source\R5T.F0056\R5T.F0056.csproj", "{355EF868-BD97-4421-8DDD-232FB31405BD}"
EndProject
Project("{9A19103F-16F7-4668-BE54-9A1E7A4F7556}") = "R5T.F0057", "..\..\R5T.F0057\source\R5T.F0057\R5T.F0057.csproj", "{AE552932-F651-4203-8EEA-EFD2AB0D2104}"
EndProject
Project("{9A19103F-16F7-4668-BE54-9A1E7A4F7556}") = "R5T.F0063.F001", "..\..\R5T.F0063\source\R5T.F0063.F001\R5T.F0063.F001.csproj", "{F02259AB-7C73-43DF-8637-624D05FF5AC8}"
EndProject
Project("{9A19103F-16F7-4668-BE54-9A1E7A4F7556}") = "R5T.F0091", "..\..\R5T.F0091\source\R5T.F0091\R5T.F0091.csproj", "{D4FCFC23-77A4-443F-8BEA-8DA002E26513}"
EndProject
Project("{9A19103F-16F7-4668-BE54-9A1E7A4F7556}") = "R5T.L0001.Y000", "..\..\R5T.L0001\source\R5T.L0001.Y000\R5T.L0001.Y000.csproj", "{BDAE89E1-6A9B-4F7F-A920-1509E6FFF32E}"
EndProject
Project("{9A19103F-16F7-4668-BE54-9A1E7A4F7556}") = "R5T.L0001.Z000", "..\..\R5T.L0001\source\R5T.L0001.Z000\R5T.L0001.Z000.csproj", "{737A65A0-B77D-4993-8851-2EF405362591}"
EndProject
Project("{9A19103F-16F7-4668-BE54-9A1E7A4F7556}") = "R5T.L0001", "..\..\R5T.L0001\source\R5T.L0001\R5T.L0001.csproj", "{54961229-308A-4192-AD01-75D6217B5099}"
EndProject
Project("{9A19103F-16F7-4668-BE54-9A1E7A4F7556}") = "R5T.NG0005", "..\..\R5T.NG0005\source\R5T.NG0005\R5T.NG0005.csproj", "{EC0E1F91-7742-4014-97CD-F1A08F9BB416}"
EndProject
Project("{9A19103F-16F7-4668-BE54-9A1E7A4F7556}") = "R5T.NG0006", "..\..\R5T.NG0006\source\R5T.NG0006\R5T.NG0006.csproj", "{A5755BC4-E125-44D3-BF14-2DCCC597993A}"
EndProject
Project("{9A19103F-16F7-4668-BE54-9A1E7A4F7556}") = "R5T.NG0008", "..\..\R5T.NG0008\source\R5T.NG0008\R5T.NG0008.csproj", "{3F49729D-7E61-4FB3-B3BE-0258AB9E3477}"
EndProject
Project("{9A19103F-16F7-4668-BE54-9A1E7A4F7556}") = "R5T.T0046", "..\..\R5T.T0046\source\R5T.T0046\R5T.T0046.csproj", "{368658A6-0815-4897-876F-993E2DD41822}"
EndProject
Project("{9A19103F-16F7-4668-BE54-9A1E7A4F7556}") = "R5T.T0144", "..\..\R5T.T0144\source\R5T.T0144\R5T.T0144.csproj", "{9F216272-0417-4C2F-BB9B-435E4DF0B551}"
EndProject
Project("{9A19103F-16F7-4668-BE54-9A1E7A4F7556}") = "R5T.T0152", "..\..\R5T.T0152\source\R5T.T0152\R5T.T0152.csproj", "{D59D42B6-6A22-4FDE-9DEF-8492572993E5}"
EndProject
Project("{9A19103F-16F7-4668-BE54-9A1E7A4F7556}") = "R5T.T0156", "..\..\R5T.T0156\source\R5T.T0156\R5T.T0156.csproj", "{7BA34CC8-0BBA-41DB-BA60-9B7EC6D43FCE}"
EndProject
Project("{9A19103F-16F7-4668-BE54-9A1E7A4F7556}") = "R5T.T0185", "..\..\R5T.T0185\source\R5T.T0185\R5T.T0185.csproj", "{3055ACDE-1734-4770-B534-E7EA89959F2E}"
EndProject
Project("{9A19103F-16F7-4668-BE54-9A1E7A4F7556}") = "R5T.T0188", "..\..\R5T.T0188\source\R5T.T0188\R5T.T0188.csproj", "{A503F48D-109D-4E91-999A-F6A30065EB30}"
EndProject
Project("{9A19103F-16F7-4668-BE54-9A1E7A4F7556}") = "R5T.Y0000", "..\..\R5T.Y0000\source\R5T.Y0000\R5T.Y0000.csproj", "{124A7105-8062-4BA0-B47D-AF257B6DFD5B}"
EndProject
Project("{9A19103F-16F7-4668-BE54-9A1E7A4F7556}") = "R5T.Y0004", "..\..\R5T.Y0004\source\R5T.Y0004\R5T.Y0004.csproj", "{6595B457-39E4-4344-B677-D6EE88159F0B}"
EndProject
Project("{9A19103F-16F7-4668-BE54-9A1E7A4F7556}") = "R5T.Z0000", "..\..\R5T.Z0000\source\R5T.Z0000\R5T.Z0000.csproj", "{03F82A28-1DDE-419A-80ED-E2917B812653}"
EndProject
Project("{9A19103F-16F7-4668-BE54-9A1E7A4F7556}") = "R5T.Z0005", "..\..\R5T.Z0005\source\R5T.Z0005\R5T.Z0005.csproj", "{13E4044C-A6D1-462E-A097-12D93C0EA68A}"
EndProject
Project("{9A19103F-16F7-4668-BE54-9A1E7A4F7556}") = "R5T.Z0009", "..\..\R5T.Z0009\source\R5T.Z0009\R5T.Z0009.csproj", "{FD973957-4710-47F4-9C17-8C51897BB3AE}"
EndProject
Project("{9A19103F-16F7-4668-BE54-9A1E7A4F7556}") = "R5T.Z0013", "..\..\R5T.Z0013\source\R5T.Z0013\R5T.Z0013.csproj", "{6E95B0E2-CB78-4CF7-AC9A-B52AE36285A1}"
EndProject
Project("{9A19103F-16F7-4668-BE54-9A1E7A4F7556}") = "R5T.Z0036", "..\..\R5T.Z0036\source\R5T.Z0036\R5T.Z0036.csproj", "{9B3F5A66-F763-41B6-A875-659695067FCD}"
EndProject
Project("{9A19103F-16F7-4668-BE54-9A1E7A4F7556}") = "R5T.F0120", "..\..\R5T.F0120\source\R5T.F0120\R5T.F0120.csproj", "{625F77B8-9A59-476B-BCE0-B996B7D884B5}"
EndProject
Project("{9A19103F-16F7-4668-BE54-9A1E7A4F7556}") = "R5T.F0124", "..\..\R5T.F0124\source\R5T.F0124\R5T.F0124.csproj", "{E3A3254F-BDB7-4038-B1F3-BB706933DFBD}"
EndProject
Project("{9A19103F-16F7-4668-BE54-9A1E7A4F7556}") = "R5T.NG0022", "..\..\R5T.NG0022\source\R5T.NG0022\R5T.NG0022.csproj", "{D6FAD10F-9A4D-40EB-BFC7-D6EF108BAA63}"
EndProject
Project("{9A19103F-16F7-4668-BE54-9A1E7A4F7556}") = "R5T.T0174", "..\..\R5T.T0174\source\R5T.T0174\R5T.T0174.csproj", "{CE87722D-18F1-4223-9E42-0490FDF0A41A}"
EndProject
Project("{9A19103F-16F7-4668-BE54-9A1E7A4F7556}") = "R5T.T0176", "..\..\R5T.T0176\source\R5T.T0176\R5T.T0176.csproj", "{42E7A851-4B2E-4F90-A8F8-80887CD7903B}"
EndProject
Project("{9A19103F-16F7-4668-BE54-9A1E7A4F7556}") = "R5T.T0177", "..\..\R5T.T0177\source\R5T.T0177\R5T.T0177.csproj", "{B3FC061D-CF0F-424F-B3A1-772A1DED8AE9}"
EndProject
Project("{9A19103F-16F7-4668-BE54-9A1E7A4F7556}") = "R5T.T0209", "..\..\R5T.T0209\source\R5T.T0209\R5T.T0209.csproj", "{CA0983B8-9C65-4682-BDF4-0143FCA3A638}"
EndProject
Global
	GlobalSection(NestedProjects) = preSolution
		{500CFAB7-AE21-4DD0-A880-FDC1025B3118} = {55E6654A-49F8-4F3D-9316-F5A56DEC9841}
		{6ECFE843-5989-40B8-B033-A637E7B1E9F3} = {55E6654A-49F8-4F3D-9316-F5A56DEC9841}
		{F0F4F64A-4367-41B8-A35E-ACB2C307ED15} = {55E6654A-49F8-4F3D-9316-F5A56DEC9841}
		{6BC3B7FE-2C96-47EB-85EB-E5D722BBD0BA} = {55E6654A-49F8-4F3D-9316-F5A56DEC9841}
		{5F967931-FA83-4A01-B923-DFC3B4568F3B} = {55E6654A-49F8-4F3D-9316-F5A56DEC9841}
		{B2ACE5D7-6844-4E25-BB25-A9E4F31C8BEC} = {55E6654A-49F8-4F3D-9316-F5A56DEC9841}
		{1E868183-AA9F-48BA-AC51-32B89EFEC9BA} = {55E6654A-49F8-4F3D-9316-F5A56DEC9841}
		{728B8B69-FBE6-4C84-9814-EE856312912E} = {55E6654A-49F8-4F3D-9316-F5A56DEC9841}
		{26772EE7-0182-4192-859C-3167C753D3D8} = {55E6654A-49F8-4F3D-9316-F5A56DEC9841}
		{994547ED-13D9-419D-973C-305FC2B3E79E} = {55E6654A-49F8-4F3D-9316-F5A56DEC9841}
		{ACDBAB4F-AAE5-429A-9057-029F8071A136} = {55E6654A-49F8-4F3D-9316-F5A56DEC9841}
		{53E51A9F-001E-41D3-AA58-3B4BC46DEF81} = {55E6654A-49F8-4F3D-9316-F5A56DEC9841}
		{1E2F5798-A140-46D0-A1B9-790F32D8041D} = {55E6654A-49F8-4F3D-9316-F5A56DEC9841}
		{5E73C00A-C63E-412F-9312-271E11E53DF0} = {55E6654A-49F8-4F3D-9316-F5A56DEC9841}
		{FC656ECC-9A42-47E6-A99D-44668BD0F644} = {55E6654A-49F8-4F3D-9316-F5A56DEC9841}
		{F778C7C1-6DBC-4BBC-AB35-7F35D2D02B31} = {55E6654A-49F8-4F3D-9316-F5A56DEC9841}
		{D0F63FC6-F8EF-4AD4-81BA-67EFBBDC849D} = {55E6654A-49F8-4F3D-9316-F5A56DEC9841}
		{E5CC9DF0-C265-41B4-AD6E-6773E8B6875C} = {55E6654A-49F8-4F3D-9316-F5A56DEC9841}
		{849AC468-8401-41D7-A0F8-12DFAA3EB742} = {55E6654A-49F8-4F3D-9316-F5A56DEC9841}
		{CA2A5CA4-584D-4F8E-A375-E15BAC9F1B44} = {55E6654A-49F8-4F3D-9316-F5A56DEC9841}
		{4E1CE37A-9CFE-4544-AC0C-0C2CA442EC27} = {55E6654A-49F8-4F3D-9316-F5A56DEC9841}
		{654F8353-2C99-4256-B62D-DF64BBED8763} = {55E6654A-49F8-4F3D-9316-F5A56DEC9841}
		{6E7F2498-48CB-402F-BE73-7B56E000A32B} = {55E6654A-49F8-4F3D-9316-F5A56DEC9841}
		{4E203ED3-81B3-4A39-BA94-A33D71E25B04} = {55E6654A-49F8-4F3D-9316-F5A56DEC9841}
		{270E28D6-EEFC-4CA5-ABE5-2F8EAF7B41BC} = {55E6654A-49F8-4F3D-9316-F5A56DEC9841}
		{70CC989D-1EB4-4E18-91FA-3448D858C518} = {55E6654A-49F8-4F3D-9316-F5A56DEC9841}
		{600481ED-A0D3-4C8D-B64E-E9335009DB87} = {55E6654A-49F8-4F3D-9316-F5A56DEC9841}
		{9210647E-F108-41DD-B201-0AE76274B196} = {55E6654A-49F8-4F3D-9316-F5A56DEC9841}
		{7E53C9D5-31D9-4DE6-86FD-D2FAA3971E90} = {55E6654A-49F8-4F3D-9316-F5A56DEC9841}
		{21CD45DB-DB7E-451E-A158-BE8EDD397C4D} = {55E6654A-49F8-4F3D-9316-F5A56DEC9841}
		{17515173-E591-40E1-9852-21952E83E372} = {55E6654A-49F8-4F3D-9316-F5A56DEC9841}
		{CA8A3206-9EE7-409B-AB52-B9048817210E} = {55E6654A-49F8-4F3D-9316-F5A56DEC9841}
		{C55284B3-9453-4D40-BFF9-A176D0A8D692} = {55E6654A-49F8-4F3D-9316-F5A56DEC9841}
		{355EF868-BD97-4421-8DDD-232FB31405BD} = {55E6654A-49F8-4F3D-9316-F5A56DEC9841}
		{AE552932-F651-4203-8EEA-EFD2AB0D2104} = {55E6654A-49F8-4F3D-9316-F5A56DEC9841}
		{F02259AB-7C73-43DF-8637-624D05FF5AC8} = {55E6654A-49F8-4F3D-9316-F5A56DEC9841}
		{D4FCFC23-77A4-443F-8BEA-8DA002E26513} = {55E6654A-49F8-4F3D-9316-F5A56DEC9841}
		{BDAE89E1-6A9B-4F7F-A920-1509E6FFF32E} = {55E6654A-49F8-4F3D-9316-F5A56DEC9841}
		{737A65A0-B77D-4993-8851-2EF405362591} = {55E6654A-49F8-4F3D-9316-F5A56DEC9841}
		{54961229-308A-4192-AD01-75D6217B5099} = {55E6654A-49F8-4F3D-9316-F5A56DEC9841}
		{EC0E1F91-7742-4014-97CD-F1A08F9BB416} = {55E6654A-49F8-4F3D-9316-F5A56DEC9841}
		{A5755BC4-E125-44D3-BF14-2DCCC597993A} = {55E6654A-49F8-4F3D-9316-F5A56DEC9841}
		{3F49729D-7E61-4FB3-B3BE-0258AB9E3477} = {55E6654A-49F8-4F3D-9316-F5A56DEC9841}
		{368658A6-0815-4897-876F-993E2DD41822} = {55E6654A-49F8-4F3D-9316-F5A56DEC9841}
		{9F216272-0417-4C2F-BB9B-435E4DF0B551} = {55E6654A-49F8-4F3D-9316-F5A56DEC9841}
		{D59D42B6-6A22-4FDE-9DEF-8492572993E5} = {55E6654A-49F8-4F3D-9316-F5A56DEC9841}
		{7BA34CC8-0BBA-41DB-BA60-9B7EC6D43FCE} = {55E6654A-49F8-4F3D-9316-F5A56DEC9841}
		{3055ACDE-1734-4770-B534-E7EA89959F2E} = {55E6654A-49F8-4F3D-9316-F5A56DEC9841}
		{A503F48D-109D-4E91-999A-F6A30065EB30} = {55E6654A-49F8-4F3D-9316-F5A56DEC9841}
		{124A7105-8062-4BA0-B47D-AF257B6DFD5B} = {55E6654A-49F8-4F3D-9316-F5A56DEC9841}
		{6595B457-39E4-4344-B677-D6EE88159F0B} = {55E6654A-49F8-4F3D-9316-F5A56DEC9841}
		{03F82A28-1DDE-419A-80ED-E2917B812653} = {55E6654A-49F8-4F3D-9316-F5A56DEC9841}
		{13E4044C-A6D1-462E-A097-12D93C0EA68A} = {55E6654A-49F8-4F3D-9316-F5A56DEC9841}
		{FD973957-4710-47F4-9C17-8C51897BB3AE} = {55E6654A-49F8-4F3D-9316-F5A56DEC9841}
		{6E95B0E2-CB78-4CF7-AC9A-B52AE36285A1} = {55E6654A-49F8-4F3D-9316-F5A56DEC9841}
		{9B3F5A66-F763-41B6-A875-659695067FCD} = {55E6654A-49F8-4F3D-9316-F5A56DEC9841}
		{625F77B8-9A59-476B-BCE0-B996B7D884B5} = {55E6654A-49F8-4F3D-9316-F5A56DEC9841}
		{E3A3254F-BDB7-4038-B1F3-BB706933DFBD} = {55E6654A-49F8-4F3D-9316-F5A56DEC9841}
		{D6FAD10F-9A4D-40EB-BFC7-D6EF108BAA63} = {55E6654A-49F8-4F3D-9316-F5A56DEC9841}
		{CE87722D-18F1-4223-9E42-0490FDF0A41A} = {55E6654A-49F8-4F3D-9316-F5A56DEC9841}
		{42E7A851-4B2E-4F90-A8F8-80887CD7903B} = {55E6654A-49F8-4F3D-9316-F5A56DEC9841}
		{B3FC061D-CF0F-424F-B3A1-772A1DED8AE9} = {55E6654A-49F8-4F3D-9316-F5A56DEC9841}
		{CA0983B8-9C65-4682-BDF4-0143FCA3A638} = {55E6654A-49F8-4F3D-9316-F5A56DEC9841}
	EndGlobalSection
	GlobalSection(SolutionConfigurationPlatforms) = preSolution
		Debug|Any CPU = Debug|Any CPU
		Release|Any CPU = Release|Any CPU
	EndGlobalSection
	GlobalSection(ProjectConfigurationPlatforms) = postSolution
		{766C506F-88C8-4D1A-924F-4562968A50BF}.Debug|Any CPU.ActiveCfg = Debug|Any CPU
		{766C506F-88C8-4D1A-924F-4562968A50BF}.Debug|Any CPU.Build.0 = Debug|Any CPU
		{766C506F-88C8-4D1A-924F-4562968A50BF}.Release|Any CPU.ActiveCfg = Release|Any CPU
		{766C506F-88C8-4D1A-924F-4562968A50BF}.Release|Any CPU.Build.0 = Release|Any CPU
		{EEA3B95E-A077-41BF-8320-5E0E3C557108}.Debug|Any CPU.ActiveCfg = Debug|Any CPU
		{EEA3B95E-A077-41BF-8320-5E0E3C557108}.Debug|Any CPU.Build.0 = Debug|Any CPU
		{EEA3B95E-A077-41BF-8320-5E0E3C557108}.Release|Any CPU.ActiveCfg = Release|Any CPU
		{EEA3B95E-A077-41BF-8320-5E0E3C557108}.Release|Any CPU.Build.0 = Release|Any CPU
		{500CFAB7-AE21-4DD0-A880-FDC1025B3118}.Debug|Any CPU.ActiveCfg = Debug|Any CPU
		{500CFAB7-AE21-4DD0-A880-FDC1025B3118}.Debug|Any CPU.Build.0 = Debug|Any CPU
		{500CFAB7-AE21-4DD0-A880-FDC1025B3118}.Release|Any CPU.ActiveCfg = Release|Any CPU
		{500CFAB7-AE21-4DD0-A880-FDC1025B3118}.Release|Any CPU.Build.0 = Release|Any CPU
		{6ECFE843-5989-40B8-B033-A637E7B1E9F3}.Debug|Any CPU.ActiveCfg = Debug|Any CPU
		{6ECFE843-5989-40B8-B033-A637E7B1E9F3}.Debug|Any CPU.Build.0 = Debug|Any CPU
		{6ECFE843-5989-40B8-B033-A637E7B1E9F3}.Release|Any CPU.ActiveCfg = Release|Any CPU
		{6ECFE843-5989-40B8-B033-A637E7B1E9F3}.Release|Any CPU.Build.0 = Release|Any CPU
		{F0F4F64A-4367-41B8-A35E-ACB2C307ED15}.Debug|Any CPU.ActiveCfg = Debug|Any CPU
		{F0F4F64A-4367-41B8-A35E-ACB2C307ED15}.Debug|Any CPU.Build.0 = Debug|Any CPU
		{F0F4F64A-4367-41B8-A35E-ACB2C307ED15}.Release|Any CPU.ActiveCfg = Release|Any CPU
		{F0F4F64A-4367-41B8-A35E-ACB2C307ED15}.Release|Any CPU.Build.0 = Release|Any CPU
		{6BC3B7FE-2C96-47EB-85EB-E5D722BBD0BA}.Debug|Any CPU.ActiveCfg = Debug|Any CPU
		{6BC3B7FE-2C96-47EB-85EB-E5D722BBD0BA}.Debug|Any CPU.Build.0 = Debug|Any CPU
		{6BC3B7FE-2C96-47EB-85EB-E5D722BBD0BA}.Release|Any CPU.ActiveCfg = Release|Any CPU
		{6BC3B7FE-2C96-47EB-85EB-E5D722BBD0BA}.Release|Any CPU.Build.0 = Release|Any CPU
		{5F967931-FA83-4A01-B923-DFC3B4568F3B}.Debug|Any CPU.ActiveCfg = Debug|Any CPU
		{5F967931-FA83-4A01-B923-DFC3B4568F3B}.Debug|Any CPU.Build.0 = Debug|Any CPU
		{5F967931-FA83-4A01-B923-DFC3B4568F3B}.Release|Any CPU.ActiveCfg = Release|Any CPU
		{5F967931-FA83-4A01-B923-DFC3B4568F3B}.Release|Any CPU.Build.0 = Release|Any CPU
		{B2ACE5D7-6844-4E25-BB25-A9E4F31C8BEC}.Debug|Any CPU.ActiveCfg = Debug|Any CPU
		{B2ACE5D7-6844-4E25-BB25-A9E4F31C8BEC}.Debug|Any CPU.Build.0 = Debug|Any CPU
		{B2ACE5D7-6844-4E25-BB25-A9E4F31C8BEC}.Release|Any CPU.ActiveCfg = Release|Any CPU
		{B2ACE5D7-6844-4E25-BB25-A9E4F31C8BEC}.Release|Any CPU.Build.0 = Release|Any CPU
		{1E868183-AA9F-48BA-AC51-32B89EFEC9BA}.Debug|Any CPU.ActiveCfg = Debug|Any CPU
		{1E868183-AA9F-48BA-AC51-32B89EFEC9BA}.Debug|Any CPU.Build.0 = Debug|Any CPU
		{1E868183-AA9F-48BA-AC51-32B89EFEC9BA}.Release|Any CPU.ActiveCfg = Release|Any CPU
		{1E868183-AA9F-48BA-AC51-32B89EFEC9BA}.Release|Any CPU.Build.0 = Release|Any CPU
		{728B8B69-FBE6-4C84-9814-EE856312912E}.Debug|Any CPU.ActiveCfg = Debug|Any CPU
		{728B8B69-FBE6-4C84-9814-EE856312912E}.Debug|Any CPU.Build.0 = Debug|Any CPU
		{728B8B69-FBE6-4C84-9814-EE856312912E}.Release|Any CPU.ActiveCfg = Release|Any CPU
		{728B8B69-FBE6-4C84-9814-EE856312912E}.Release|Any CPU.Build.0 = Release|Any CPU
		{26772EE7-0182-4192-859C-3167C753D3D8}.Debug|Any CPU.ActiveCfg = Debug|Any CPU
		{26772EE7-0182-4192-859C-3167C753D3D8}.Debug|Any CPU.Build.0 = Debug|Any CPU
		{26772EE7-0182-4192-859C-3167C753D3D8}.Release|Any CPU.ActiveCfg = Release|Any CPU
		{26772EE7-0182-4192-859C-3167C753D3D8}.Release|Any CPU.Build.0 = Release|Any CPU
		{994547ED-13D9-419D-973C-305FC2B3E79E}.Debug|Any CPU.ActiveCfg = Debug|Any CPU
		{994547ED-13D9-419D-973C-305FC2B3E79E}.Debug|Any CPU.Build.0 = Debug|Any CPU
		{994547ED-13D9-419D-973C-305FC2B3E79E}.Release|Any CPU.ActiveCfg = Release|Any CPU
		{994547ED-13D9-419D-973C-305FC2B3E79E}.Release|Any CPU.Build.0 = Release|Any CPU
		{ACDBAB4F-AAE5-429A-9057-029F8071A136}.Debug|Any CPU.ActiveCfg = Debug|Any CPU
		{ACDBAB4F-AAE5-429A-9057-029F8071A136}.Debug|Any CPU.Build.0 = Debug|Any CPU
		{ACDBAB4F-AAE5-429A-9057-029F8071A136}.Release|Any CPU.ActiveCfg = Release|Any CPU
		{ACDBAB4F-AAE5-429A-9057-029F8071A136}.Release|Any CPU.Build.0 = Release|Any CPU
		{53E51A9F-001E-41D3-AA58-3B4BC46DEF81}.Debug|Any CPU.ActiveCfg = Debug|Any CPU
		{53E51A9F-001E-41D3-AA58-3B4BC46DEF81}.Debug|Any CPU.Build.0 = Debug|Any CPU
		{53E51A9F-001E-41D3-AA58-3B4BC46DEF81}.Release|Any CPU.ActiveCfg = Release|Any CPU
		{53E51A9F-001E-41D3-AA58-3B4BC46DEF81}.Release|Any CPU.Build.0 = Release|Any CPU
		{1E2F5798-A140-46D0-A1B9-790F32D8041D}.Debug|Any CPU.ActiveCfg = Debug|Any CPU
		{1E2F5798-A140-46D0-A1B9-790F32D8041D}.Debug|Any CPU.Build.0 = Debug|Any CPU
		{1E2F5798-A140-46D0-A1B9-790F32D8041D}.Release|Any CPU.ActiveCfg = Release|Any CPU
		{1E2F5798-A140-46D0-A1B9-790F32D8041D}.Release|Any CPU.Build.0 = Release|Any CPU
		{5E73C00A-C63E-412F-9312-271E11E53DF0}.Debug|Any CPU.ActiveCfg = Debug|Any CPU
		{5E73C00A-C63E-412F-9312-271E11E53DF0}.Debug|Any CPU.Build.0 = Debug|Any CPU
		{5E73C00A-C63E-412F-9312-271E11E53DF0}.Release|Any CPU.ActiveCfg = Release|Any CPU
		{5E73C00A-C63E-412F-9312-271E11E53DF0}.Release|Any CPU.Build.0 = Release|Any CPU
		{FC656ECC-9A42-47E6-A99D-44668BD0F644}.Debug|Any CPU.ActiveCfg = Debug|Any CPU
		{FC656ECC-9A42-47E6-A99D-44668BD0F644}.Debug|Any CPU.Build.0 = Debug|Any CPU
		{FC656ECC-9A42-47E6-A99D-44668BD0F644}.Release|Any CPU.ActiveCfg = Release|Any CPU
		{FC656ECC-9A42-47E6-A99D-44668BD0F644}.Release|Any CPU.Build.0 = Release|Any CPU
		{F778C7C1-6DBC-4BBC-AB35-7F35D2D02B31}.Debug|Any CPU.ActiveCfg = Debug|Any CPU
		{F778C7C1-6DBC-4BBC-AB35-7F35D2D02B31}.Debug|Any CPU.Build.0 = Debug|Any CPU
		{F778C7C1-6DBC-4BBC-AB35-7F35D2D02B31}.Release|Any CPU.ActiveCfg = Release|Any CPU
		{F778C7C1-6DBC-4BBC-AB35-7F35D2D02B31}.Release|Any CPU.Build.0 = Release|Any CPU
		{D0F63FC6-F8EF-4AD4-81BA-67EFBBDC849D}.Debug|Any CPU.ActiveCfg = Debug|Any CPU
		{D0F63FC6-F8EF-4AD4-81BA-67EFBBDC849D}.Debug|Any CPU.Build.0 = Debug|Any CPU
		{D0F63FC6-F8EF-4AD4-81BA-67EFBBDC849D}.Release|Any CPU.ActiveCfg = Release|Any CPU
		{D0F63FC6-F8EF-4AD4-81BA-67EFBBDC849D}.Release|Any CPU.Build.0 = Release|Any CPU
		{E5CC9DF0-C265-41B4-AD6E-6773E8B6875C}.Debug|Any CPU.ActiveCfg = Debug|Any CPU
		{E5CC9DF0-C265-41B4-AD6E-6773E8B6875C}.Debug|Any CPU.Build.0 = Debug|Any CPU
		{E5CC9DF0-C265-41B4-AD6E-6773E8B6875C}.Release|Any CPU.ActiveCfg = Release|Any CPU
		{E5CC9DF0-C265-41B4-AD6E-6773E8B6875C}.Release|Any CPU.Build.0 = Release|Any CPU
		{849AC468-8401-41D7-A0F8-12DFAA3EB742}.Debug|Any CPU.ActiveCfg = Debug|Any CPU
		{849AC468-8401-41D7-A0F8-12DFAA3EB742}.Debug|Any CPU.Build.0 = Debug|Any CPU
		{849AC468-8401-41D7-A0F8-12DFAA3EB742}.Release|Any CPU.ActiveCfg = Release|Any CPU
		{849AC468-8401-41D7-A0F8-12DFAA3EB742}.Release|Any CPU.Build.0 = Release|Any CPU
		{CA2A5CA4-584D-4F8E-A375-E15BAC9F1B44}.Debug|Any CPU.ActiveCfg = Debug|Any CPU
		{CA2A5CA4-584D-4F8E-A375-E15BAC9F1B44}.Debug|Any CPU.Build.0 = Debug|Any CPU
		{CA2A5CA4-584D-4F8E-A375-E15BAC9F1B44}.Release|Any CPU.ActiveCfg = Release|Any CPU
		{CA2A5CA4-584D-4F8E-A375-E15BAC9F1B44}.Release|Any CPU.Build.0 = Release|Any CPU
		{4E1CE37A-9CFE-4544-AC0C-0C2CA442EC27}.Debug|Any CPU.ActiveCfg = Debug|Any CPU
		{4E1CE37A-9CFE-4544-AC0C-0C2CA442EC27}.Debug|Any CPU.Build.0 = Debug|Any CPU
		{4E1CE37A-9CFE-4544-AC0C-0C2CA442EC27}.Release|Any CPU.ActiveCfg = Release|Any CPU
		{4E1CE37A-9CFE-4544-AC0C-0C2CA442EC27}.Release|Any CPU.Build.0 = Release|Any CPU
		{654F8353-2C99-4256-B62D-DF64BBED8763}.Debug|Any CPU.ActiveCfg = Debug|Any CPU
		{654F8353-2C99-4256-B62D-DF64BBED8763}.Debug|Any CPU.Build.0 = Debug|Any CPU
		{654F8353-2C99-4256-B62D-DF64BBED8763}.Release|Any CPU.ActiveCfg = Release|Any CPU
		{654F8353-2C99-4256-B62D-DF64BBED8763}.Release|Any CPU.Build.0 = Release|Any CPU
		{6E7F2498-48CB-402F-BE73-7B56E000A32B}.Debug|Any CPU.ActiveCfg = Debug|Any CPU
		{6E7F2498-48CB-402F-BE73-7B56E000A32B}.Debug|Any CPU.Build.0 = Debug|Any CPU
		{6E7F2498-48CB-402F-BE73-7B56E000A32B}.Release|Any CPU.ActiveCfg = Release|Any CPU
		{6E7F2498-48CB-402F-BE73-7B56E000A32B}.Release|Any CPU.Build.0 = Release|Any CPU
		{4E203ED3-81B3-4A39-BA94-A33D71E25B04}.Debug|Any CPU.ActiveCfg = Debug|Any CPU
		{4E203ED3-81B3-4A39-BA94-A33D71E25B04}.Debug|Any CPU.Build.0 = Debug|Any CPU
		{4E203ED3-81B3-4A39-BA94-A33D71E25B04}.Release|Any CPU.ActiveCfg = Release|Any CPU
		{4E203ED3-81B3-4A39-BA94-A33D71E25B04}.Release|Any CPU.Build.0 = Release|Any CPU
		{270E28D6-EEFC-4CA5-ABE5-2F8EAF7B41BC}.Debug|Any CPU.ActiveCfg = Debug|Any CPU
		{270E28D6-EEFC-4CA5-ABE5-2F8EAF7B41BC}.Debug|Any CPU.Build.0 = Debug|Any CPU
		{270E28D6-EEFC-4CA5-ABE5-2F8EAF7B41BC}.Release|Any CPU.ActiveCfg = Release|Any CPU
		{270E28D6-EEFC-4CA5-ABE5-2F8EAF7B41BC}.Release|Any CPU.Build.0 = Release|Any CPU
		{70CC989D-1EB4-4E18-91FA-3448D858C518}.Debug|Any CPU.ActiveCfg = Debug|Any CPU
		{70CC989D-1EB4-4E18-91FA-3448D858C518}.Debug|Any CPU.Build.0 = Debug|Any CPU
		{70CC989D-1EB4-4E18-91FA-3448D858C518}.Release|Any CPU.ActiveCfg = Release|Any CPU
		{70CC989D-1EB4-4E18-91FA-3448D858C518}.Release|Any CPU.Build.0 = Release|Any CPU
		{600481ED-A0D3-4C8D-B64E-E9335009DB87}.Debug|Any CPU.ActiveCfg = Debug|Any CPU
		{600481ED-A0D3-4C8D-B64E-E9335009DB87}.Debug|Any CPU.Build.0 = Debug|Any CPU
		{600481ED-A0D3-4C8D-B64E-E9335009DB87}.Release|Any CPU.ActiveCfg = Release|Any CPU
		{600481ED-A0D3-4C8D-B64E-E9335009DB87}.Release|Any CPU.Build.0 = Release|Any CPU
		{9210647E-F108-41DD-B201-0AE76274B196}.Debug|Any CPU.ActiveCfg = Debug|Any CPU
		{9210647E-F108-41DD-B201-0AE76274B196}.Debug|Any CPU.Build.0 = Debug|Any CPU
		{9210647E-F108-41DD-B201-0AE76274B196}.Release|Any CPU.ActiveCfg = Release|Any CPU
		{9210647E-F108-41DD-B201-0AE76274B196}.Release|Any CPU.Build.0 = Release|Any CPU
		{7E53C9D5-31D9-4DE6-86FD-D2FAA3971E90}.Debug|Any CPU.ActiveCfg = Debug|Any CPU
		{7E53C9D5-31D9-4DE6-86FD-D2FAA3971E90}.Debug|Any CPU.Build.0 = Debug|Any CPU
		{7E53C9D5-31D9-4DE6-86FD-D2FAA3971E90}.Release|Any CPU.ActiveCfg = Release|Any CPU
		{7E53C9D5-31D9-4DE6-86FD-D2FAA3971E90}.Release|Any CPU.Build.0 = Release|Any CPU
		{21CD45DB-DB7E-451E-A158-BE8EDD397C4D}.Debug|Any CPU.ActiveCfg = Debug|Any CPU
		{21CD45DB-DB7E-451E-A158-BE8EDD397C4D}.Debug|Any CPU.Build.0 = Debug|Any CPU
		{21CD45DB-DB7E-451E-A158-BE8EDD397C4D}.Release|Any CPU.ActiveCfg = Release|Any CPU
		{21CD45DB-DB7E-451E-A158-BE8EDD397C4D}.Release|Any CPU.Build.0 = Release|Any CPU
		{17515173-E591-40E1-9852-21952E83E372}.Debug|Any CPU.ActiveCfg = Debug|Any CPU
		{17515173-E591-40E1-9852-21952E83E372}.Debug|Any CPU.Build.0 = Debug|Any CPU
		{17515173-E591-40E1-9852-21952E83E372}.Release|Any CPU.ActiveCfg = Release|Any CPU
		{17515173-E591-40E1-9852-21952E83E372}.Release|Any CPU.Build.0 = Release|Any CPU
		{CA8A3206-9EE7-409B-AB52-B9048817210E}.Debug|Any CPU.ActiveCfg = Debug|Any CPU
		{CA8A3206-9EE7-409B-AB52-B9048817210E}.Debug|Any CPU.Build.0 = Debug|Any CPU
		{CA8A3206-9EE7-409B-AB52-B9048817210E}.Release|Any CPU.ActiveCfg = Release|Any CPU
		{CA8A3206-9EE7-409B-AB52-B9048817210E}.Release|Any CPU.Build.0 = Release|Any CPU
		{C55284B3-9453-4D40-BFF9-A176D0A8D692}.Debug|Any CPU.ActiveCfg = Debug|Any CPU
		{C55284B3-9453-4D40-BFF9-A176D0A8D692}.Debug|Any CPU.Build.0 = Debug|Any CPU
		{C55284B3-9453-4D40-BFF9-A176D0A8D692}.Release|Any CPU.ActiveCfg = Release|Any CPU
		{C55284B3-9453-4D40-BFF9-A176D0A8D692}.Release|Any CPU.Build.0 = Release|Any CPU
		{355EF868-BD97-4421-8DDD-232FB31405BD}.Debug|Any CPU.ActiveCfg = Debug|Any CPU
		{355EF868-BD97-4421-8DDD-232FB31405BD}.Debug|Any CPU.Build.0 = Debug|Any CPU
		{355EF868-BD97-4421-8DDD-232FB31405BD}.Release|Any CPU.ActiveCfg = Release|Any CPU
		{355EF868-BD97-4421-8DDD-232FB31405BD}.Release|Any CPU.Build.0 = Release|Any CPU
		{AE552932-F651-4203-8EEA-EFD2AB0D2104}.Debug|Any CPU.ActiveCfg = Debug|Any CPU
		{AE552932-F651-4203-8EEA-EFD2AB0D2104}.Debug|Any CPU.Build.0 = Debug|Any CPU
		{AE552932-F651-4203-8EEA-EFD2AB0D2104}.Release|Any CPU.ActiveCfg = Release|Any CPU
		{AE552932-F651-4203-8EEA-EFD2AB0D2104}.Release|Any CPU.Build.0 = Release|Any CPU
		{F02259AB-7C73-43DF-8637-624D05FF5AC8}.Debug|Any CPU.ActiveCfg = Debug|Any CPU
		{F02259AB-7C73-43DF-8637-624D05FF5AC8}.Debug|Any CPU.Build.0 = Debug|Any CPU
		{F02259AB-7C73-43DF-8637-624D05FF5AC8}.Release|Any CPU.ActiveCfg = Release|Any CPU
		{F02259AB-7C73-43DF-8637-624D05FF5AC8}.Release|Any CPU.Build.0 = Release|Any CPU
		{D4FCFC23-77A4-443F-8BEA-8DA002E26513}.Debug|Any CPU.ActiveCfg = Debug|Any CPU
		{D4FCFC23-77A4-443F-8BEA-8DA002E26513}.Debug|Any CPU.Build.0 = Debug|Any CPU
		{D4FCFC23-77A4-443F-8BEA-8DA002E26513}.Release|Any CPU.ActiveCfg = Release|Any CPU
		{D4FCFC23-77A4-443F-8BEA-8DA002E26513}.Release|Any CPU.Build.0 = Release|Any CPU
		{BDAE89E1-6A9B-4F7F-A920-1509E6FFF32E}.Debug|Any CPU.ActiveCfg = Debug|Any CPU
		{BDAE89E1-6A9B-4F7F-A920-1509E6FFF32E}.Debug|Any CPU.Build.0 = Debug|Any CPU
		{BDAE89E1-6A9B-4F7F-A920-1509E6FFF32E}.Release|Any CPU.ActiveCfg = Release|Any CPU
		{BDAE89E1-6A9B-4F7F-A920-1509E6FFF32E}.Release|Any CPU.Build.0 = Release|Any CPU
		{737A65A0-B77D-4993-8851-2EF405362591}.Debug|Any CPU.ActiveCfg = Debug|Any CPU
		{737A65A0-B77D-4993-8851-2EF405362591}.Debug|Any CPU.Build.0 = Debug|Any CPU
		{737A65A0-B77D-4993-8851-2EF405362591}.Release|Any CPU.ActiveCfg = Release|Any CPU
		{737A65A0-B77D-4993-8851-2EF405362591}.Release|Any CPU.Build.0 = Release|Any CPU
		{54961229-308A-4192-AD01-75D6217B5099}.Debug|Any CPU.ActiveCfg = Debug|Any CPU
		{54961229-308A-4192-AD01-75D6217B5099}.Debug|Any CPU.Build.0 = Debug|Any CPU
		{54961229-308A-4192-AD01-75D6217B5099}.Release|Any CPU.ActiveCfg = Release|Any CPU
		{54961229-308A-4192-AD01-75D6217B5099}.Release|Any CPU.Build.0 = Release|Any CPU
		{EC0E1F91-7742-4014-97CD-F1A08F9BB416}.Debug|Any CPU.ActiveCfg = Debug|Any CPU
		{EC0E1F91-7742-4014-97CD-F1A08F9BB416}.Debug|Any CPU.Build.0 = Debug|Any CPU
		{EC0E1F91-7742-4014-97CD-F1A08F9BB416}.Release|Any CPU.ActiveCfg = Release|Any CPU
		{EC0E1F91-7742-4014-97CD-F1A08F9BB416}.Release|Any CPU.Build.0 = Release|Any CPU
		{A5755BC4-E125-44D3-BF14-2DCCC597993A}.Debug|Any CPU.ActiveCfg = Debug|Any CPU
		{A5755BC4-E125-44D3-BF14-2DCCC597993A}.Debug|Any CPU.Build.0 = Debug|Any CPU
		{A5755BC4-E125-44D3-BF14-2DCCC597993A}.Release|Any CPU.ActiveCfg = Release|Any CPU
		{A5755BC4-E125-44D3-BF14-2DCCC597993A}.Release|Any CPU.Build.0 = Release|Any CPU
		{3F49729D-7E61-4FB3-B3BE-0258AB9E3477}.Debug|Any CPU.ActiveCfg = Debug|Any CPU
		{3F49729D-7E61-4FB3-B3BE-0258AB9E3477}.Debug|Any CPU.Build.0 = Debug|Any CPU
		{3F49729D-7E61-4FB3-B3BE-0258AB9E3477}.Release|Any CPU.ActiveCfg = Release|Any CPU
		{3F49729D-7E61-4FB3-B3BE-0258AB9E3477}.Release|Any CPU.Build.0 = Release|Any CPU
		{368658A6-0815-4897-876F-993E2DD41822}.Debug|Any CPU.ActiveCfg = Debug|Any CPU
		{368658A6-0815-4897-876F-993E2DD41822}.Debug|Any CPU.Build.0 = Debug|Any CPU
		{368658A6-0815-4897-876F-993E2DD41822}.Release|Any CPU.ActiveCfg = Release|Any CPU
		{368658A6-0815-4897-876F-993E2DD41822}.Release|Any CPU.Build.0 = Release|Any CPU
		{9F216272-0417-4C2F-BB9B-435E4DF0B551}.Debug|Any CPU.ActiveCfg = Debug|Any CPU
		{9F216272-0417-4C2F-BB9B-435E4DF0B551}.Debug|Any CPU.Build.0 = Debug|Any CPU
		{9F216272-0417-4C2F-BB9B-435E4DF0B551}.Release|Any CPU.ActiveCfg = Release|Any CPU
		{9F216272-0417-4C2F-BB9B-435E4DF0B551}.Release|Any CPU.Build.0 = Release|Any CPU
		{D59D42B6-6A22-4FDE-9DEF-8492572993E5}.Debug|Any CPU.ActiveCfg = Debug|Any CPU
		{D59D42B6-6A22-4FDE-9DEF-8492572993E5}.Debug|Any CPU.Build.0 = Debug|Any CPU
		{D59D42B6-6A22-4FDE-9DEF-8492572993E5}.Release|Any CPU.ActiveCfg = Release|Any CPU
		{D59D42B6-6A22-4FDE-9DEF-8492572993E5}.Release|Any CPU.Build.0 = Release|Any CPU
		{7BA34CC8-0BBA-41DB-BA60-9B7EC6D43FCE}.Debug|Any CPU.ActiveCfg = Debug|Any CPU
		{7BA34CC8-0BBA-41DB-BA60-9B7EC6D43FCE}.Debug|Any CPU.Build.0 = Debug|Any CPU
		{7BA34CC8-0BBA-41DB-BA60-9B7EC6D43FCE}.Release|Any CPU.ActiveCfg = Release|Any CPU
		{7BA34CC8-0BBA-41DB-BA60-9B7EC6D43FCE}.Release|Any CPU.Build.0 = Release|Any CPU
		{3055ACDE-1734-4770-B534-E7EA89959F2E}.Debug|Any CPU.ActiveCfg = Debug|Any CPU
		{3055ACDE-1734-4770-B534-E7EA89959F2E}.Debug|Any CPU.Build.0 = Debug|Any CPU
		{3055ACDE-1734-4770-B534-E7EA89959F2E}.Release|Any CPU.ActiveCfg = Release|Any CPU
		{3055ACDE-1734-4770-B534-E7EA89959F2E}.Release|Any CPU.Build.0 = Release|Any CPU
		{A503F48D-109D-4E91-999A-F6A30065EB30}.Debug|Any CPU.ActiveCfg = Debug|Any CPU
		{A503F48D-109D-4E91-999A-F6A30065EB30}.Debug|Any CPU.Build.0 = Debug|Any CPU
		{A503F48D-109D-4E91-999A-F6A30065EB30}.Release|Any CPU.ActiveCfg = Release|Any CPU
		{A503F48D-109D-4E91-999A-F6A30065EB30}.Release|Any CPU.Build.0 = Release|Any CPU
		{124A7105-8062-4BA0-B47D-AF257B6DFD5B}.Debug|Any CPU.ActiveCfg = Debug|Any CPU
		{124A7105-8062-4BA0-B47D-AF257B6DFD5B}.Debug|Any CPU.Build.0 = Debug|Any CPU
		{124A7105-8062-4BA0-B47D-AF257B6DFD5B}.Release|Any CPU.ActiveCfg = Release|Any CPU
		{124A7105-8062-4BA0-B47D-AF257B6DFD5B}.Release|Any CPU.Build.0 = Release|Any CPU
		{6595B457-39E4-4344-B677-D6EE88159F0B}.Debug|Any CPU.ActiveCfg = Debug|Any CPU
		{6595B457-39E4-4344-B677-D6EE88159F0B}.Debug|Any CPU.Build.0 = Debug|Any CPU
		{6595B457-39E4-4344-B677-D6EE88159F0B}.Release|Any CPU.ActiveCfg = Release|Any CPU
		{6595B457-39E4-4344-B677-D6EE88159F0B}.Release|Any CPU.Build.0 = Release|Any CPU
		{03F82A28-1DDE-419A-80ED-E2917B812653}.Debug|Any CPU.ActiveCfg = Debug|Any CPU
		{03F82A28-1DDE-419A-80ED-E2917B812653}.Debug|Any CPU.Build.0 = Debug|Any CPU
		{03F82A28-1DDE-419A-80ED-E2917B812653}.Release|Any CPU.ActiveCfg = Release|Any CPU
		{03F82A28-1DDE-419A-80ED-E2917B812653}.Release|Any CPU.Build.0 = Release|Any CPU
		{13E4044C-A6D1-462E-A097-12D93C0EA68A}.Debug|Any CPU.ActiveCfg = Debug|Any CPU
		{13E4044C-A6D1-462E-A097-12D93C0EA68A}.Debug|Any CPU.Build.0 = Debug|Any CPU
		{13E4044C-A6D1-462E-A097-12D93C0EA68A}.Release|Any CPU.ActiveCfg = Release|Any CPU
		{13E4044C-A6D1-462E-A097-12D93C0EA68A}.Release|Any CPU.Build.0 = Release|Any CPU
		{FD973957-4710-47F4-9C17-8C51897BB3AE}.Debug|Any CPU.ActiveCfg = Debug|Any CPU
		{FD973957-4710-47F4-9C17-8C51897BB3AE}.Debug|Any CPU.Build.0 = Debug|Any CPU
		{FD973957-4710-47F4-9C17-8C51897BB3AE}.Release|Any CPU.ActiveCfg = Release|Any CPU
		{FD973957-4710-47F4-9C17-8C51897BB3AE}.Release|Any CPU.Build.0 = Release|Any CPU
		{6E95B0E2-CB78-4CF7-AC9A-B52AE36285A1}.Debug|Any CPU.ActiveCfg = Debug|Any CPU
		{6E95B0E2-CB78-4CF7-AC9A-B52AE36285A1}.Debug|Any CPU.Build.0 = Debug|Any CPU
		{6E95B0E2-CB78-4CF7-AC9A-B52AE36285A1}.Release|Any CPU.ActiveCfg = Release|Any CPU
		{6E95B0E2-CB78-4CF7-AC9A-B52AE36285A1}.Release|Any CPU.Build.0 = Release|Any CPU
		{9B3F5A66-F763-41B6-A875-659695067FCD}.Debug|Any CPU.ActiveCfg = Debug|Any CPU
		{9B3F5A66-F763-41B6-A875-659695067FCD}.Debug|Any CPU.Build.0 = Debug|Any CPU
		{9B3F5A66-F763-41B6-A875-659695067FCD}.Release|Any CPU.ActiveCfg = Release|Any CPU
		{9B3F5A66-F763-41B6-A875-659695067FCD}.Release|Any CPU.Build.0 = Release|Any CPU
		{625F77B8-9A59-476B-BCE0-B996B7D884B5}.Debug|Any CPU.ActiveCfg = Debug|Any CPU
		{625F77B8-9A59-476B-BCE0-B996B7D884B5}.Debug|Any CPU.Build.0 = Debug|Any CPU
		{625F77B8-9A59-476B-BCE0-B996B7D884B5}.Release|Any CPU.ActiveCfg = Release|Any CPU
		{625F77B8-9A59-476B-BCE0-B996B7D884B5}.Release|Any CPU.Build.0 = Release|Any CPU
		{E3A3254F-BDB7-4038-B1F3-BB706933DFBD}.Debug|Any CPU.ActiveCfg = Debug|Any CPU
		{E3A3254F-BDB7-4038-B1F3-BB706933DFBD}.Debug|Any CPU.Build.0 = Debug|Any CPU
		{E3A3254F-BDB7-4038-B1F3-BB706933DFBD}.Release|Any CPU.ActiveCfg = Release|Any CPU
		{E3A3254F-BDB7-4038-B1F3-BB706933DFBD}.Release|Any CPU.Build.0 = Release|Any CPU
		{D6FAD10F-9A4D-40EB-BFC7-D6EF108BAA63}.Debug|Any CPU.ActiveCfg = Debug|Any CPU
		{D6FAD10F-9A4D-40EB-BFC7-D6EF108BAA63}.Debug|Any CPU.Build.0 = Debug|Any CPU
		{D6FAD10F-9A4D-40EB-BFC7-D6EF108BAA63}.Release|Any CPU.ActiveCfg = Release|Any CPU
		{D6FAD10F-9A4D-40EB-BFC7-D6EF108BAA63}.Release|Any CPU.Build.0 = Release|Any CPU
		{CE87722D-18F1-4223-9E42-0490FDF0A41A}.Debug|Any CPU.ActiveCfg = Debug|Any CPU
		{CE87722D-18F1-4223-9E42-0490FDF0A41A}.Debug|Any CPU.Build.0 = Debug|Any CPU
		{CE87722D-18F1-4223-9E42-0490FDF0A41A}.Release|Any CPU.ActiveCfg = Release|Any CPU
		{CE87722D-18F1-4223-9E42-0490FDF0A41A}.Release|Any CPU.Build.0 = Release|Any CPU
		{42E7A851-4B2E-4F90-A8F8-80887CD7903B}.Debug|Any CPU.ActiveCfg = Debug|Any CPU
		{42E7A851-4B2E-4F90-A8F8-80887CD7903B}.Debug|Any CPU.Build.0 = Debug|Any CPU
		{42E7A851-4B2E-4F90-A8F8-80887CD7903B}.Release|Any CPU.ActiveCfg = Release|Any CPU
		{42E7A851-4B2E-4F90-A8F8-80887CD7903B}.Release|Any CPU.Build.0 = Release|Any CPU
		{B3FC061D-CF0F-424F-B3A1-772A1DED8AE9}.Debug|Any CPU.ActiveCfg = Debug|Any CPU
		{B3FC061D-CF0F-424F-B3A1-772A1DED8AE9}.Debug|Any CPU.Build.0 = Debug|Any CPU
		{B3FC061D-CF0F-424F-B3A1-772A1DED8AE9}.Release|Any CPU.ActiveCfg = Release|Any CPU
		{B3FC061D-CF0F-424F-B3A1-772A1DED8AE9}.Release|Any CPU.Build.0 = Release|Any CPU
		{CA0983B8-9C65-4682-BDF4-0143FCA3A638}.Debug|Any CPU.ActiveCfg = Debug|Any CPU
		{CA0983B8-9C65-4682-BDF4-0143FCA3A638}.Debug|Any CPU.Build.0 = Debug|Any CPU
		{CA0983B8-9C65-4682-BDF4-0143FCA3A638}.Release|Any CPU.ActiveCfg = Release|Any CPU
		{CA0983B8-9C65-4682-BDF4-0143FCA3A638}.Release|Any CPU.Build.0 = Release|Any CPU
	EndGlobalSection
	GlobalSection(SolutionProperties) = preSolution
		HideSolutionNode = FALSE
	EndGlobalSection
	GlobalSection(ExtensibilityGlobals) = postSolution
		SolutionGuid = {BB0F7091-1612-4D83-A752-C449E8F30BCD}
	EndGlobalSection
EndGlobal
